<?xml version="1.0" encoding="UTF-8"?>
<!DOCTYPE plist PUBLIC "-//Apple//DTD PLIST 1.0//EN" "http://www.apple.com/DTDs/PropertyList-1.0.dtd">
<plist version="1.0">
<dict>
	<key>archiveVersion</key>
	<string>1</string>
	<key>classes</key>
	<dict/>
	<key>objectVersion</key>
	<string>46</string>
	<key>objects</key>
	<dict>
		<key>1AD31022139B83C9659F2097</key>
		<dict>
			<key>includeInIndex</key>
			<string>1</string>
			<key>isa</key>
			<string>PBXFileReference</string>
			<key>lastKnownFileType</key>
			<string>text.xcconfig</string>
			<key>name</key>
			<string>Pods-Bus-GogogoTests.release.xcconfig</string>
			<key>path</key>
			<string>Pods/Target Support Files/Pods-Bus-GogogoTests/Pods-Bus-GogogoTests.release.xcconfig</string>
			<key>sourceTree</key>
			<string>&lt;group&gt;</string>
		</dict>
		<key>2B3FAB90E95E497C9F4BB358</key>
		<dict>
			<key>explicitFileType</key>
			<string>archive.ar</string>
			<key>includeInIndex</key>
			<string>0</string>
			<key>isa</key>
			<string>PBXFileReference</string>
			<key>path</key>
			<string>libPods.a</string>
			<key>sourceTree</key>
			<string>BUILT_PRODUCTS_DIR</string>
		</dict>
		<key>356D4A14F6374B50AB417C41</key>
		<dict>
			<key>buildActionMask</key>
			<string>2147483647</string>
			<key>files</key>
			<array/>
			<key>inputPaths</key>
			<array/>
			<key>isa</key>
			<string>PBXShellScriptBuildPhase</string>
			<key>name</key>
			<string>Check Pods Manifest.lock</string>
			<key>outputPaths</key>
			<array/>
			<key>runOnlyForDeploymentPostprocessing</key>
			<string>0</string>
			<key>shellPath</key>
			<string>/bin/sh</string>
			<key>shellScript</key>
			<string>diff "${PODS_ROOT}/../Podfile.lock" "${PODS_ROOT}/Manifest.lock" &gt; /dev/null
if [[ $? != 0 ]] ; then
    cat &lt;&lt; EOM
error: The sandbox is not in sync with the Podfile.lock. Run 'pod install' or update your CocoaPods installation.
EOM
    exit 1
fi
</string>
			<key>showEnvVarsInLog</key>
			<string>0</string>
		</dict>
		<key>3F4CAB68195F51C0002BC4BE</key>
		<dict>
			<key>fileEncoding</key>
			<string>4</string>
			<key>isa</key>
			<string>PBXFileReference</string>
			<key>lastKnownFileType</key>
			<string>file.xib</string>
			<key>path</key>
			<string>RoutePresenterCell_BusAtStopBottom.xib</string>
			<key>sourceTree</key>
			<string>&lt;group&gt;</string>
		</dict>
		<key>3F4CAB69195F51C0002BC4BE</key>
		<dict>
			<key>fileRef</key>
			<string>3F4CAB68195F51C0002BC4BE</string>
			<key>isa</key>
			<string>PBXBuildFile</string>
		</dict>
		<key>3F4CAB6A195F56F2002BC4BE</key>
		<dict>
			<key>fileEncoding</key>
			<string>4</string>
			<key>isa</key>
			<string>PBXFileReference</string>
			<key>lastKnownFileType</key>
			<string>file.xib</string>
			<key>path</key>
			<string>PTStopDetailHeaderView.xib</string>
			<key>sourceTree</key>
			<string>&lt;group&gt;</string>
		</dict>
		<key>3F4CAB6B195F56F2002BC4BE</key>
		<dict>
			<key>fileRef</key>
			<string>3F4CAB6A195F56F2002BC4BE</string>
			<key>isa</key>
			<string>PBXBuildFile</string>
		</dict>
		<key>3F4CAB6C195F56F7002BC4BE</key>
		<dict>
			<key>children</key>
			<array>
				<string>3F4CAB6A195F56F2002BC4BE</string>
				<string>3F4CAB6F195F58DF002BC4BE</string>
				<string>3F4CAB71195F5B82002BC4BE</string>
			</array>
			<key>isa</key>
			<string>PBXGroup</string>
			<key>name</key>
			<string>PTStopDetailView</string>
			<key>sourceTree</key>
			<string>&lt;group&gt;</string>
		</dict>
		<key>3F4CAB6F195F58DF002BC4BE</key>
		<dict>
			<key>fileEncoding</key>
			<string>4</string>
			<key>isa</key>
			<string>PBXFileReference</string>
			<key>lastKnownFileType</key>
			<string>file.xib</string>
			<key>path</key>
			<string>PTStopDetailPresenterCell.xib</string>
			<key>sourceTree</key>
			<string>&lt;group&gt;</string>
		</dict>
		<key>3F4CAB70195F58DF002BC4BE</key>
		<dict>
			<key>fileRef</key>
			<string>3F4CAB6F195F58DF002BC4BE</string>
			<key>isa</key>
			<string>PBXBuildFile</string>
		</dict>
		<key>3F4CAB71195F5B82002BC4BE</key>
		<dict>
			<key>fileEncoding</key>
			<string>4</string>
			<key>isa</key>
			<string>PBXFileReference</string>
			<key>lastKnownFileType</key>
			<string>file.xib</string>
			<key>path</key>
			<string>PTStopDetailPresenterCell_Bus.xib</string>
			<key>sourceTree</key>
			<string>&lt;group&gt;</string>
		</dict>
		<key>3F4CAB72195F5B82002BC4BE</key>
		<dict>
			<key>fileRef</key>
			<string>3F4CAB71195F5B82002BC4BE</string>
			<key>isa</key>
			<string>PBXBuildFile</string>
		</dict>
		<key>3F731F54194CD18D00C79812</key>
		<dict>
			<key>fileEncoding</key>
			<string>4</string>
			<key>isa</key>
			<string>PBXFileReference</string>
			<key>lastKnownFileType</key>
			<string>file.xib</string>
			<key>path</key>
			<string>RoutePresenterCell_BusAtStopMiddle.xib</string>
			<key>sourceTree</key>
			<string>&lt;group&gt;</string>
		</dict>
		<key>3F731F55194CD18D00C79812</key>
		<dict>
			<key>fileEncoding</key>
			<string>4</string>
			<key>isa</key>
			<string>PBXFileReference</string>
			<key>lastKnownFileType</key>
			<string>file.xib</string>
			<key>path</key>
			<string>RoutePresenterCell_BusDriving.xib</string>
			<key>sourceTree</key>
			<string>&lt;group&gt;</string>
		</dict>
		<key>3F731F56194CD18D00C79812</key>
		<dict>
			<key>fileRef</key>
			<string>3F731F54194CD18D00C79812</string>
			<key>isa</key>
			<string>PBXBuildFile</string>
		</dict>
		<key>3F731F57194CD18D00C79812</key>
		<dict>
			<key>fileRef</key>
			<string>3F731F55194CD18D00C79812</string>
			<key>isa</key>
			<string>PBXBuildFile</string>
		</dict>
		<key>3F731F58194CE4D700C79812</key>
		<dict>
			<key>fileEncoding</key>
			<string>4</string>
			<key>isa</key>
			<string>PBXFileReference</string>
			<key>lastKnownFileType</key>
			<string>file.xib</string>
			<key>path</key>
			<string>RoutePickerView.xib</string>
			<key>sourceTree</key>
			<string>&lt;group&gt;</string>
		</dict>
		<key>3F731F59194CE4D700C79812</key>
		<dict>
			<key>fileRef</key>
			<string>3F731F58194CE4D700C79812</string>
			<key>isa</key>
			<string>PBXBuildFile</string>
		</dict>
		<key>3F731F5A194CE4E300C79812</key>
		<dict>
			<key>children</key>
			<array>
				<string>3F731F58194CE4D700C79812</string>
				<string>3F731F5B194CF1D800C79812</string>
				<string>8B4DC829194DF2890013C6BD</string>
				<string>8B4DC82A194DF2890013C6BD</string>
			</array>
			<key>isa</key>
			<string>PBXGroup</string>
			<key>name</key>
			<string>RoutePickerView</string>
			<key>sourceTree</key>
			<string>&lt;group&gt;</string>
		</dict>
		<key>3F731F5B194CF1D800C79812</key>
		<dict>
			<key>fileEncoding</key>
			<string>4</string>
			<key>isa</key>
			<string>PBXFileReference</string>
			<key>lastKnownFileType</key>
			<string>file.xib</string>
			<key>path</key>
			<string>RoutePickerViewDefault.xib</string>
			<key>sourceTree</key>
			<string>&lt;group&gt;</string>
		</dict>
		<key>3F731F5C194CF1D800C79812</key>
		<dict>
			<key>fileRef</key>
			<string>3F731F5B194CF1D800C79812</string>
			<key>isa</key>
			<string>PBXBuildFile</string>
		</dict>
		<key>584F4004C4B642B9A96777D0</key>
		<dict>
			<key>buildActionMask</key>
			<string>2147483647</string>
			<key>files</key>
			<array/>
			<key>inputPaths</key>
			<array/>
			<key>isa</key>
			<string>PBXShellScriptBuildPhase</string>
			<key>name</key>
			<string>Copy Pods Resources</string>
			<key>outputPaths</key>
			<array/>
			<key>runOnlyForDeploymentPostprocessing</key>
			<string>0</string>
			<key>shellPath</key>
			<string>/bin/sh</string>
			<key>shellScript</key>
			<string>"${SRCROOT}/Pods/Target Support Files/Pods-Bus-GogogoTests/Pods-Bus-GogogoTests-resources.sh"
</string>
			<key>showEnvVarsInLog</key>
			<string>0</string>
		</dict>
		<key>6CEC9CA41AFE4D5EA4247A62</key>
		<dict>
			<key>explicitFileType</key>
			<string>archive.ar</string>
			<key>includeInIndex</key>
			<string>0</string>
			<key>isa</key>
			<string>PBXFileReference</string>
			<key>path</key>
			<string>libPods-Bus-GogogoTests.a</string>
			<key>sourceTree</key>
			<string>BUILT_PRODUCTS_DIR</string>
		</dict>
		<key>8B4DC829194DF2890013C6BD</key>
		<dict>
			<key>fileEncoding</key>
			<string>4</string>
			<key>isa</key>
			<string>PBXFileReference</string>
			<key>lastKnownFileType</key>
			<string>sourcecode.c.h</string>
			<key>path</key>
			<string>PTDashboardRoutePickerView.h</string>
			<key>sourceTree</key>
			<string>&lt;group&gt;</string>
		</dict>
		<key>8B4DC82A194DF2890013C6BD</key>
		<dict>
			<key>fileEncoding</key>
			<string>4</string>
			<key>isa</key>
			<string>PBXFileReference</string>
			<key>lastKnownFileType</key>
			<string>sourcecode.c.objc</string>
			<key>path</key>
			<string>PTDashboardRoutePickerView.m</string>
			<key>sourceTree</key>
			<string>&lt;group&gt;</string>
		</dict>
		<key>8B4DC82B194DF2890013C6BD</key>
		<dict>
			<key>fileRef</key>
			<string>8B4DC82A194DF2890013C6BD</string>
			<key>isa</key>
			<string>PBXBuildFile</string>
		</dict>
		<key>8B4DC82C194E0FCC0013C6BD</key>
		<dict>
			<key>fileEncoding</key>
			<string>4</string>
			<key>isa</key>
			<string>PBXFileReference</string>
			<key>lastKnownFileType</key>
			<string>sourcecode.c.h</string>
			<key>path</key>
			<string>PTStopMonitoringDownloadRequester.h</string>
			<key>sourceTree</key>
			<string>&lt;group&gt;</string>
		</dict>
		<key>8B4DC82D194E0FCC0013C6BD</key>
		<dict>
			<key>fileEncoding</key>
			<string>4</string>
			<key>isa</key>
			<string>PBXFileReference</string>
			<key>lastKnownFileType</key>
			<string>sourcecode.c.objc</string>
			<key>path</key>
			<string>PTStopMonitoringDownloadRequester.m</string>
			<key>sourceTree</key>
			<string>&lt;group&gt;</string>
		</dict>
		<key>8B4DC82E194E0FCC0013C6BD</key>
		<dict>
			<key>fileRef</key>
			<string>8B4DC82D194E0FCC0013C6BD</string>
			<key>isa</key>
			<string>PBXBuildFile</string>
		</dict>
		<key>8B4DC82F194E14DF0013C6BD</key>
		<dict>
			<key>fileEncoding</key>
			<string>4</string>
			<key>isa</key>
			<string>PBXFileReference</string>
			<key>lastKnownFileType</key>
			<string>sourcecode.c.h</string>
			<key>path</key>
			<string>PTReminderManager.h</string>
			<key>sourceTree</key>
			<string>&lt;group&gt;</string>
		</dict>
		<key>8B4DC830194E14DF0013C6BD</key>
		<dict>
			<key>fileEncoding</key>
			<string>4</string>
			<key>isa</key>
			<string>PBXFileReference</string>
			<key>lastKnownFileType</key>
			<string>sourcecode.c.objc</string>
			<key>path</key>
			<string>PTReminderManager.m</string>
			<key>sourceTree</key>
			<string>&lt;group&gt;</string>
		</dict>
		<key>8B4DC831194E14DF0013C6BD</key>
		<dict>
			<key>fileRef</key>
			<string>8B4DC830194E14DF0013C6BD</string>
			<key>isa</key>
			<string>PBXBuildFile</string>
		</dict>
		<key>8B4DC832194E20700013C6BD</key>
		<dict>
			<key>isa</key>
			<string>PBXFileReference</string>
			<key>lastKnownFileType</key>
			<string>audio.mp3</string>
			<key>path</key>
			<string>Iphone-SMS-Tone-Original.mp3</string>
			<key>sourceTree</key>
			<string>&lt;group&gt;</string>
		</dict>
		<key>8B4DC833194E20700013C6BD</key>
		<dict>
			<key>fileRef</key>
			<string>8B4DC832194E20700013C6BD</string>
			<key>isa</key>
			<string>PBXBuildFile</string>
		</dict>
		<key>8B7B8B9819607AEB004E986B</key>
		<dict>
			<key>fileEncoding</key>
			<string>4</string>
			<key>isa</key>
			<string>PBXFileReference</string>
			<key>lastKnownFileType</key>
			<string>file.storyboard</string>
			<key>path</key>
			<string>MainStoryboard_4inch.storyboard</string>
			<key>sourceTree</key>
			<string>&lt;group&gt;</string>
		</dict>
		<key>8B7B8B9919607AEB004E986B</key>
		<dict>
			<key>fileRef</key>
			<string>8B7B8B9819607AEB004E986B</string>
			<key>isa</key>
			<string>PBXBuildFile</string>
		</dict>
		<key>8B80068A195F4A3700EA96B6</key>
		<dict>
			<key>fileEncoding</key>
			<string>4</string>
			<key>isa</key>
			<string>PBXFileReference</string>
			<key>lastKnownFileType</key>
			<string>sourcecode.c.h</string>
			<key>path</key>
			<string>PTRemoteService.h</string>
			<key>sourceTree</key>
			<string>&lt;group&gt;</string>
		</dict>
		<key>8B80068B195F4A3700EA96B6</key>
		<dict>
			<key>fileEncoding</key>
			<string>4</string>
			<key>isa</key>
			<string>PBXFileReference</string>
			<key>lastKnownFileType</key>
			<string>sourcecode.c.objc</string>
			<key>path</key>
			<string>PTRemoteService.m</string>
			<key>sourceTree</key>
			<string>&lt;group&gt;</string>
		</dict>
		<key>8B80068C195F4A3700EA96B6</key>
		<dict>
			<key>fileRef</key>
			<string>8B80068B195F4A3700EA96B6</string>
			<key>isa</key>
			<string>PBXBuildFile</string>
		</dict>
		<key>8B80068D195F4A4100EA96B6</key>
		<dict>
			<key>children</key>
			<array>
				<string>8B80068A195F4A3700EA96B6</string>
				<string>8B80068B195F4A3700EA96B6</string>
				<string>8BA1726A195F4BAF00AB1300</string>
				<string>8BA1726B195F4BAF00AB1300</string>
			</array>
			<key>isa</key>
			<string>PBXGroup</string>
			<key>name</key>
			<string>RemoteService</string>
			<key>sourceTree</key>
			<string>&lt;group&gt;</string>
		</dict>
		<key>8BA1726A195F4BAF00AB1300</key>
		<dict>
			<key>fileEncoding</key>
			<string>4</string>
			<key>isa</key>
			<string>PBXFileReference</string>
			<key>lastKnownFileType</key>
			<string>sourcecode.c.h</string>
			<key>path</key>
			<string>PTRemoteReminderRequest.h</string>
			<key>sourceTree</key>
			<string>&lt;group&gt;</string>
		</dict>
		<key>8BA1726B195F4BAF00AB1300</key>
		<dict>
			<key>fileEncoding</key>
			<string>4</string>
			<key>isa</key>
			<string>PBXFileReference</string>
			<key>lastKnownFileType</key>
			<string>sourcecode.c.objc</string>
			<key>path</key>
			<string>PTRemoteReminderRequest.m</string>
			<key>sourceTree</key>
			<string>&lt;group&gt;</string>
		</dict>
		<key>8BA1726C195F4BAF00AB1300</key>
		<dict>
			<key>fileRef</key>
			<string>8BA1726B195F4BAF00AB1300</string>
			<key>isa</key>
			<string>PBXBuildFile</string>
		</dict>
		<key>8BBF035E1960462800D970C4</key>
		<dict>
			<key>fileEncoding</key>
			<string>4</string>
			<key>isa</key>
			<string>PBXFileReference</string>
			<key>lastKnownFileType</key>
			<string>file.xib</string>
			<key>path</key>
			<string>RoutePresenterCell_BusAtStopTop.xib</string>
			<key>sourceTree</key>
			<string>&lt;group&gt;</string>
		</dict>
		<key>8BBF035F1960462800D970C4</key>
		<dict>
			<key>fileRef</key>
			<string>8BBF035E1960462800D970C4</string>
			<key>isa</key>
			<string>PBXBuildFile</string>
		</dict>
		<key>8BBF036019604F5900D970C4</key>
		<dict>
			<key>fileEncoding</key>
			<string>4</string>
			<key>isa</key>
			<string>PBXFileReference</string>
			<key>lastKnownFileType</key>
			<string>sourcecode.c.h</string>
			<key>path</key>
			<string>PTRoutePresenterCell.h</string>
			<key>sourceTree</key>
			<string>&lt;group&gt;</string>
		</dict>
		<key>8BBF036119604F5900D970C4</key>
		<dict>
			<key>fileEncoding</key>
			<string>4</string>
			<key>isa</key>
			<string>PBXFileReference</string>
			<key>lastKnownFileType</key>
			<string>sourcecode.c.objc</string>
			<key>path</key>
			<string>PTRoutePresenterCell.m</string>
			<key>sourceTree</key>
			<string>&lt;group&gt;</string>
		</dict>
		<key>8BBF036219604F5900D970C4</key>
		<dict>
			<key>fileRef</key>
			<string>8BBF036119604F5900D970C4</string>
			<key>isa</key>
			<string>PBXBuildFile</string>
		</dict>
		<key>95981FE2CE5D9CC7245A6015</key>
		<dict>
			<key>children</key>
			<array>
				<string>D26C23C58A96AE20D923D571</string>
				<string>1AD31022139B83C9659F2097</string>
			</array>
			<key>isa</key>
			<string>PBXGroup</string>
			<key>name</key>
			<string>Pods</string>
			<key>sourceTree</key>
			<string>&lt;group&gt;</string>
		</dict>
		<key>D26C23C58A96AE20D923D571</key>
		<dict>
			<key>includeInIndex</key>
			<string>1</string>
			<key>isa</key>
			<string>PBXFileReference</string>
			<key>lastKnownFileType</key>
			<string>text.xcconfig</string>
			<key>name</key>
			<string>Pods-Bus-GogogoTests.debug.xcconfig</string>
			<key>path</key>
			<string>Pods/Target Support Files/Pods-Bus-GogogoTests/Pods-Bus-GogogoTests.debug.xcconfig</string>
			<key>sourceTree</key>
			<string>&lt;group&gt;</string>
		</dict>
		<key>E3D78FF620B54F618D846F7C</key>
		<dict>
			<key>fileRef</key>
			<string>6CEC9CA41AFE4D5EA4247A62</string>
			<key>isa</key>
			<string>PBXBuildFile</string>
		</dict>
		<key>E94206E618F4E514009E9D3D</key>
		<dict>
			<key>children</key>
			<array>
				<string>FBFF62ED18E876D1008D94F9</string>
				<string>FB3D48EA18F0487E00302031</string>
				<string>FB3D48EB18F0487E00302031</string>
			</array>
			<key>isa</key>
			<string>PBXGroup</string>
			<key>name</key>
			<string>Base</string>
			<key>sourceTree</key>
			<string>&lt;group&gt;</string>
		</dict>
		<key>E966D16D18F9800700CD8C0F</key>
		<dict>
			<key>fileEncoding</key>
			<string>4</string>
			<key>isa</key>
			<string>PBXFileReference</string>
			<key>lastKnownFileType</key>
			<string>sourcecode.c.h</string>
			<key>path</key>
			<string>PTPolyline.h</string>
			<key>sourceTree</key>
			<string>&lt;group&gt;</string>
		</dict>
		<key>E966D16E18F9800700CD8C0F</key>
		<dict>
			<key>fileEncoding</key>
			<string>4</string>
			<key>isa</key>
			<string>PBXFileReference</string>
			<key>lastKnownFileType</key>
			<string>sourcecode.c.objc</string>
			<key>path</key>
			<string>PTPolyline.m</string>
			<key>sourceTree</key>
			<string>&lt;group&gt;</string>
		</dict>
		<key>E966D16F18F9800700CD8C0F</key>
		<dict>
			<key>fileRef</key>
			<string>E966D16E18F9800700CD8C0F</string>
			<key>isa</key>
			<string>PBXBuildFile</string>
		</dict>
		<key>FB01A5DC18E76226001C793F</key>
		<dict>
			<key>fileEncoding</key>
			<string>4</string>
			<key>isa</key>
			<string>PBXFileReference</string>
			<key>lastKnownFileType</key>
			<string>sourcecode.c.h</string>
			<key>path</key>
			<string>PTMonitoredVehicleJourney.h</string>
			<key>sourceTree</key>
			<string>&lt;group&gt;</string>
		</dict>
		<key>FB01A5DD18E76226001C793F</key>
		<dict>
			<key>fileEncoding</key>
			<string>4</string>
			<key>isa</key>
			<string>PBXFileReference</string>
			<key>lastKnownFileType</key>
			<string>sourcecode.c.objc</string>
			<key>path</key>
			<string>PTMonitoredVehicleJourney.m</string>
			<key>sourceTree</key>
			<string>&lt;group&gt;</string>
		</dict>
		<key>FB01A5DE18E76226001C793F</key>
		<dict>
			<key>fileRef</key>
			<string>FB01A5DD18E76226001C793F</string>
			<key>isa</key>
			<string>PBXBuildFile</string>
		</dict>
		<key>FB01A5DF18E76427001C793F</key>
		<dict>
			<key>fileEncoding</key>
			<string>4</string>
			<key>isa</key>
			<string>PBXFileReference</string>
			<key>lastKnownFileType</key>
			<string>sourcecode.c.h</string>
			<key>path</key>
			<string>MTADataModelAdaptors.h</string>
			<key>sourceTree</key>
			<string>&lt;group&gt;</string>
		</dict>
		<key>FB01A5E018E76427001C793F</key>
		<dict>
			<key>fileEncoding</key>
			<string>4</string>
			<key>isa</key>
			<string>PBXFileReference</string>
			<key>lastKnownFileType</key>
			<string>sourcecode.c.objc</string>
			<key>path</key>
			<string>MTADataModelAdaptors.m</string>
			<key>sourceTree</key>
			<string>&lt;group&gt;</string>
		</dict>
		<key>FB01A5E118E76427001C793F</key>
		<dict>
			<key>fileRef</key>
			<string>FB01A5E018E76427001C793F</string>
			<key>isa</key>
			<string>PBXBuildFile</string>
		</dict>
		<key>FB0CAA891933EB3C0088A314</key>
		<dict>
			<key>children</key>
			<array>
				<string>FBA258D119389A0E007B05DE</string>
				<string>FB612B5A19441E7B00BBDD89</string>
				<string>FB612B5419441A6200BBDD89</string>
				<string>FB786CBE18F99510002A7CFF</string>
				<string>FB786CBF18F99510002A7CFF</string>
				<string>FB189F461927C1790071B8F9</string>
				<string>FB189F471927C1790071B8F9</string>
				<string>3F731F5A194CE4E300C79812</string>
				<string>3F4CAB6C195F56F7002BC4BE</string>
				<string>FB28BA5019D888B800B021CF</string>
				<string>FB28BA5119D888B800B021CF</string>
			</array>
			<key>isa</key>
			<string>PBXGroup</string>
			<key>name</key>
			<string>View</string>
			<key>sourceTree</key>
			<string>&lt;group&gt;</string>
		</dict>
		<key>FB0CAA8A1933EBDD0088A314</key>
		<dict>
			<key>children</key>
			<array>
				<string>FBD8B66419375BCF00E43725</string>
				<string>8B4DC82C194E0FCC0013C6BD</string>
				<string>8B4DC82D194E0FCC0013C6BD</string>
				<string>FB8714BF1944F54300670513</string>
				<string>FB8714C01944F54300670513</string>
				<string>FB8714CF1945109500670513</string>
				<string>FB8714D01945109500670513</string>
				<string>FB8714D21945144000670513</string>
				<string>FB8714D31945144000670513</string>
				<string>FB8714D5194515D100670513</string>
				<string>FB8714D6194515D100670513</string>
			</array>
			<key>isa</key>
			<string>PBXGroup</string>
			<key>name</key>
			<string>Network</string>
			<key>sourceTree</key>
			<string>&lt;group&gt;</string>
		</dict>
		<key>FB0CAA8B1933EE4F0088A314</key>
		<dict>
			<key>fileEncoding</key>
			<string>4</string>
			<key>isa</key>
			<string>PBXFileReference</string>
			<key>lastKnownFileType</key>
			<string>sourcecode.c.h</string>
			<key>path</key>
			<string>PTRouteStore.h</string>
			<key>sourceTree</key>
			<string>&lt;group&gt;</string>
		</dict>
		<key>FB0CAA8C1933EF0B0088A314</key>
		<dict>
			<key>children</key>
			<array>
				<string>FBC7AA6818F1E0630045A27B</string>
				<string>FBC7AA6918F1E0630045A27B</string>
				<string>FB0CAA8B1933EE4F0088A314</string>
				<string>FB0CAA8D193407E80088A314</string>
			</array>
			<key>isa</key>
			<string>PBXGroup</string>
			<key>name</key>
			<string>Store</string>
			<key>sourceTree</key>
			<string>&lt;group&gt;</string>
		</dict>
		<key>FB0CAA8D193407E80088A314</key>
		<dict>
			<key>fileEncoding</key>
			<string>4</string>
			<key>isa</key>
			<string>PBXFileReference</string>
			<key>lastKnownFileType</key>
			<string>sourcecode.c.objc</string>
			<key>path</key>
			<string>PTRouteStore.m</string>
			<key>sourceTree</key>
			<string>&lt;group&gt;</string>
		</dict>
		<key>FB0CAA8E193407E80088A314</key>
		<dict>
			<key>fileRef</key>
			<string>FB0CAA8D193407E80088A314</string>
			<key>isa</key>
			<string>PBXBuildFile</string>
		</dict>
		<key>FB129CCE18F10D29009AAEA7</key>
		<dict>
			<key>fileEncoding</key>
			<string>4</string>
			<key>isa</key>
			<string>PBXFileReference</string>
			<key>lastKnownFileType</key>
			<string>sourcecode.c.h</string>
			<key>path</key>
			<string>PTMonitoredVehicleJourneyDownloader.h</string>
			<key>sourceTree</key>
			<string>&lt;group&gt;</string>
		</dict>
		<key>FB129CCF18F10D29009AAEA7</key>
		<dict>
			<key>fileEncoding</key>
			<string>4</string>
			<key>isa</key>
			<string>PBXFileReference</string>
			<key>lastKnownFileType</key>
			<string>sourcecode.c.objc</string>
			<key>path</key>
			<string>PTMonitoredVehicleJourneyDownloader.m</string>
			<key>sourceTree</key>
			<string>&lt;group&gt;</string>
		</dict>
		<key>FB129CD018F10D29009AAEA7</key>
		<dict>
			<key>fileRef</key>
			<string>FB129CCF18F10D29009AAEA7</string>
			<key>isa</key>
			<string>PBXBuildFile</string>
		</dict>
		<key>FB189F461927C1790071B8F9</key>
		<dict>
			<key>fileEncoding</key>
			<string>4</string>
			<key>isa</key>
			<string>PBXFileReference</string>
			<key>lastKnownFileType</key>
			<string>sourcecode.c.h</string>
			<key>path</key>
			<string>PTObjectPickerView.h</string>
			<key>sourceTree</key>
			<string>&lt;group&gt;</string>
		</dict>
		<key>FB189F471927C1790071B8F9</key>
		<dict>
			<key>fileEncoding</key>
			<string>4</string>
			<key>isa</key>
			<string>PBXFileReference</string>
			<key>lastKnownFileType</key>
			<string>sourcecode.c.objc</string>
			<key>path</key>
			<string>PTObjectPickerView.m</string>
			<key>sourceTree</key>
			<string>&lt;group&gt;</string>
		</dict>
		<key>FB189F481927C1790071B8F9</key>
		<dict>
			<key>fileRef</key>
			<string>FB189F471927C1790071B8F9</string>
			<key>isa</key>
			<string>PBXBuildFile</string>
		</dict>
		<key>FB28BA5019D888B800B021CF</key>
		<dict>
			<key>fileEncoding</key>
			<string>4</string>
			<key>isa</key>
			<string>PBXFileReference</string>
			<key>lastKnownFileType</key>
			<string>sourcecode.c.h</string>
			<key>path</key>
			<string>PTDesignableButton.h</string>
			<key>sourceTree</key>
			<string>&lt;group&gt;</string>
		</dict>
		<key>FB28BA5119D888B800B021CF</key>
		<dict>
			<key>fileEncoding</key>
			<string>4</string>
			<key>isa</key>
			<string>PBXFileReference</string>
			<key>lastKnownFileType</key>
			<string>sourcecode.c.objc</string>
			<key>path</key>
			<string>PTDesignableButton.m</string>
			<key>sourceTree</key>
			<string>&lt;group&gt;</string>
		</dict>
		<key>FB28BA5219D888B800B021CF</key>
		<dict>
			<key>fileRef</key>
			<string>FB28BA5119D888B800B021CF</string>
			<key>isa</key>
			<string>PBXBuildFile</string>
		</dict>
		<key>FB2AE9A21938B1020038D4EE</key>
		<dict>
			<key>fileEncoding</key>
			<string>4</string>
			<key>isa</key>
			<string>PBXFileReference</string>
			<key>lastKnownFileType</key>
			<string>sourcecode.c.h</string>
			<key>path</key>
			<string>PTListContainerView.h</string>
			<key>sourceTree</key>
			<string>&lt;group&gt;</string>
		</dict>
		<key>FB2AE9A31938B1020038D4EE</key>
		<dict>
			<key>fileEncoding</key>
			<string>4</string>
			<key>isa</key>
			<string>PBXFileReference</string>
			<key>lastKnownFileType</key>
			<string>sourcecode.c.objc</string>
			<key>path</key>
			<string>PTListContainerView.m</string>
			<key>sourceTree</key>
			<string>&lt;group&gt;</string>
		</dict>
		<key>FB2AE9A41938B1020038D4EE</key>
		<dict>
			<key>fileRef</key>
			<string>FB2AE9A31938B1020038D4EE</string>
			<key>isa</key>
			<string>PBXBuildFile</string>
		</dict>
		<key>FB2B86C219440CBB008187BA</key>
		<dict>
			<key>fileEncoding</key>
			<string>4</string>
			<key>isa</key>
			<string>PBXFileReference</string>
			<key>lastKnownFileType</key>
			<string>file.xib</string>
			<key>path</key>
			<string>PTRegionHeaderView.xib</string>
			<key>sourceTree</key>
			<string>&lt;group&gt;</string>
		</dict>
		<key>FB2B86C319440CBB008187BA</key>
		<dict>
			<key>fileRef</key>
			<string>FB2B86C219440CBB008187BA</string>
			<key>isa</key>
			<string>PBXBuildFile</string>
		</dict>
		<key>FB2B86C4194410C5008187BA</key>
		<dict>
			<key>fileEncoding</key>
			<string>4</string>
			<key>isa</key>
			<string>PBXFileReference</string>
			<key>lastKnownFileType</key>
			<string>sourcecode.c.h</string>
			<key>path</key>
			<string>PTRegionHeaderView.h</string>
			<key>sourceTree</key>
			<string>&lt;group&gt;</string>
		</dict>
		<key>FB2B86C5194410C5008187BA</key>
		<dict>
			<key>fileEncoding</key>
			<string>4</string>
			<key>isa</key>
			<string>PBXFileReference</string>
			<key>lastKnownFileType</key>
			<string>sourcecode.c.objc</string>
			<key>path</key>
			<string>PTRegionHeaderView.m</string>
			<key>sourceTree</key>
			<string>&lt;group&gt;</string>
		</dict>
		<key>FB2B86C6194410C5008187BA</key>
		<dict>
			<key>fileRef</key>
			<string>FB2B86C5194410C5008187BA</string>
			<key>isa</key>
			<string>PBXBuildFile</string>
		</dict>
		<key>FB3D48DF18EFB26200302031</key>
		<dict>
			<key>fileEncoding</key>
			<string>4</string>
			<key>isa</key>
			<string>PBXFileReference</string>
			<key>lastKnownFileType</key>
			<string>sourcecode.c.h</string>
			<key>path</key>
			<string>OBADataModel.h</string>
			<key>sourceTree</key>
			<string>&lt;group&gt;</string>
		</dict>
		<key>FB3D48E018EFB26200302031</key>
		<dict>
			<key>fileEncoding</key>
			<string>4</string>
			<key>isa</key>
			<string>PBXFileReference</string>
			<key>lastKnownFileType</key>
			<string>sourcecode.c.objc</string>
			<key>path</key>
			<string>OBADataModel.m</string>
			<key>sourceTree</key>
			<string>&lt;group&gt;</string>
		</dict>
		<key>FB3D48E118EFB26200302031</key>
		<dict>
			<key>fileRef</key>
			<string>FB3D48E018EFB26200302031</string>
			<key>isa</key>
			<string>PBXBuildFile</string>
		</dict>
		<key>FB3D48E718EFC1F900302031</key>
		<dict>
			<key>fileEncoding</key>
			<string>4</string>
			<key>isa</key>
			<string>PBXFileReference</string>
			<key>lastKnownFileType</key>
			<string>sourcecode.c.h</string>
			<key>path</key>
			<string>PTStopGroup.h</string>
			<key>sourceTree</key>
			<string>&lt;group&gt;</string>
		</dict>
		<key>FB3D48E818EFC1F900302031</key>
		<dict>
			<key>fileEncoding</key>
			<string>4</string>
			<key>isa</key>
			<string>PBXFileReference</string>
			<key>lastKnownFileType</key>
			<string>sourcecode.c.objc</string>
			<key>path</key>
			<string>PTStopGroup.m</string>
			<key>sourceTree</key>
			<string>&lt;group&gt;</string>
		</dict>
		<key>FB3D48E918EFC1F900302031</key>
		<dict>
			<key>fileRef</key>
			<string>FB3D48E818EFC1F900302031</string>
			<key>isa</key>
			<string>PBXBuildFile</string>
		</dict>
		<key>FB3D48EA18F0487E00302031</key>
		<dict>
			<key>fileEncoding</key>
			<string>4</string>
			<key>isa</key>
			<string>PBXFileReference</string>
			<key>lastKnownFileType</key>
			<string>sourcecode.c.h</string>
			<key>path</key>
			<string>PTBase.h</string>
			<key>sourceTree</key>
			<string>&lt;group&gt;</string>
		</dict>
		<key>FB3D48EB18F0487E00302031</key>
		<dict>
			<key>fileEncoding</key>
			<string>4</string>
			<key>isa</key>
			<string>PBXFileReference</string>
			<key>lastKnownFileType</key>
			<string>sourcecode.c.objc</string>
			<key>path</key>
			<string>PTBase.m</string>
			<key>sourceTree</key>
			<string>&lt;group&gt;</string>
		</dict>
		<key>FB3D48EC18F0487E00302031</key>
		<dict>
			<key>fileRef</key>
			<string>FB3D48EB18F0487E00302031</string>
			<key>isa</key>
			<string>PBXBuildFile</string>
		</dict>
		<key>FB517C2B18DDDF43005C7881</key>
		<dict>
			<key>children</key>
			<array>
				<string>FB517C3D18DDDF43005C7881</string>
				<string>FB517C5C18DDDF43005C7881</string>
				<string>FB517C3618DDDF43005C7881</string>
				<string>FB517C3518DDDF43005C7881</string>
				<string>95981FE2CE5D9CC7245A6015</string>
			</array>
			<key>isa</key>
			<string>PBXGroup</string>
			<key>sourceTree</key>
			<string>&lt;group&gt;</string>
		</dict>
		<key>FB517C2C18DDDF43005C7881</key>
		<dict>
			<key>attributes</key>
			<dict>
				<key>CLASSPREFIX</key>
				<string>PT</string>
				<key>LastUpgradeCheck</key>
				<string>0510</string>
				<key>ORGANIZATIONNAME</key>
				<string>Weijing Liu</string>
				<key>TargetAttributes</key>
				<dict>
					<key>FB517C3318DDDF43005C7881</key>
					<dict>
						<key>DevelopmentTeam</key>
						<string>DZT2JVFH9F</string>
						<key>SystemCapabilities</key>
						<dict>
							<key>com.apple.BackgroundModes</key>
							<dict>
								<key>enabled</key>
								<string>1</string>
							</dict>
						</dict>
					</dict>
					<key>FB517C5418DDDF43005C7881</key>
					<dict>
						<key>TestTargetID</key>
						<string>FB517C3318DDDF43005C7881</string>
					</dict>
				</dict>
			</dict>
			<key>buildConfigurationList</key>
			<string>FB517C2F18DDDF43005C7881</string>
			<key>compatibilityVersion</key>
			<string>Xcode 3.2</string>
			<key>developmentRegion</key>
			<string>English</string>
			<key>hasScannedForEncodings</key>
			<string>0</string>
			<key>isa</key>
			<string>PBXProject</string>
			<key>knownRegions</key>
			<array>
				<string>en</string>
				<string>Base</string>
			</array>
			<key>mainGroup</key>
			<string>FB517C2B18DDDF43005C7881</string>
			<key>productRefGroup</key>
			<string>FB517C3518DDDF43005C7881</string>
			<key>projectDirPath</key>
			<string></string>
			<key>projectReferences</key>
			<array/>
			<key>projectRoot</key>
			<string></string>
			<key>targets</key>
			<array>
				<string>FB517C3318DDDF43005C7881</string>
				<string>FB517C5418DDDF43005C7881</string>
			</array>
		</dict>
		<key>FB517C2F18DDDF43005C7881</key>
		<dict>
			<key>buildConfigurations</key>
			<array>
				<string>FB517C6418DDDF43005C7881</string>
				<string>FB517C6518DDDF43005C7881</string>
			</array>
			<key>defaultConfigurationIsVisible</key>
			<string>0</string>
			<key>defaultConfigurationName</key>
			<string>Release</string>
			<key>isa</key>
			<string>XCConfigurationList</string>
		</dict>
		<key>FB517C3018DDDF43005C7881</key>
		<dict>
			<key>buildActionMask</key>
			<string>2147483647</string>
			<key>files</key>
			<array>
				<string>FB612B5919441E7200BBDD89</string>
				<string>FB517C4818DDDF43005C7881</string>
				<string>FB189F481927C1790071B8F9</string>
				<string>8B4DC82E194E0FCC0013C6BD</string>
				<string>FBA258D019389A0B007B05DE</string>
				<string>FB28BA5219D888B800B021CF</string>
				<string>FB129CD018F10D29009AAEA7</string>
				<string>8BBF036219604F5900D970C4</string>
				<string>FBB5EB3A18E738E6007921A3</string>
				<string>FB0CAA8E193407E80088A314</string>
				<string>FB8714D7194515D100670513</string>
				<string>FBD7894518E74E580077F68A</string>
				<string>FB786CC018F99510002A7CFF</string>
				<string>8BA1726C195F4BAF00AB1300</string>
				<string>8B4DC831194E14DF0013C6BD</string>
				<string>FBA258CD193899FB007B05DE</string>
				<string>FBC773AA18DE1D7600621261</string>
				<string>FB65611F19154236009EA53E</string>
				<string>FB3D48E918EFC1F900302031</string>
				<string>FB01A5DE18E76226001C793F</string>
				<string>FBB15CCA1943D9D800B4AD81</string>
				<string>FB3D48EC18F0487E00302031</string>
				<string>FB3D48E118EFB26200302031</string>
				<string>FB2B86C6194410C5008187BA</string>
				<string>FB93767619D7679000B0487C</string>
				<string>FB2AE9A41938B1020038D4EE</string>
				<string>FB8714D41945144000670513</string>
				<string>FB517C4418DDDF43005C7881</string>
				<string>FB8714C11944F54300670513</string>
				<string>E966D16F18F9800700CD8C0F</string>
				<string>FBE61DFB1943529B00CAE3F7</string>
				<string>FBB5EB3D18E739BD007921A3</string>
				<string>FB8714D11945109500670513</string>
				<string>8B80068C195F4A3700EA96B6</string>
				<string>FB01A5E118E76427001C793F</string>
				<string>8B4DC82B194DF2890013C6BD</string>
				<string>FBD8B66319360DDE00E43725</string>
				<string>FB517C7218DDE4F4005C7881</string>
				<string>FBC7AA6A18F1E0630045A27B</string>
				<string>FB517C6F18DDE30F005C7881</string>
			</array>
			<key>isa</key>
			<string>PBXSourcesBuildPhase</string>
			<key>runOnlyForDeploymentPostprocessing</key>
			<string>0</string>
		</dict>
		<key>FB517C3118DDDF43005C7881</key>
		<dict>
			<key>buildActionMask</key>
			<string>2147483647</string>
			<key>files</key>
			<array>
				<string>FB517C3A18DDDF43005C7881</string>
				<string>FB517C3C18DDDF43005C7881</string>
				<string>FB517C3818DDDF43005C7881</string>
			</array>
			<key>isa</key>
			<string>PBXFrameworksBuildPhase</string>
			<key>runOnlyForDeploymentPostprocessing</key>
			<string>0</string>
		</dict>
		<key>FB517C3218DDDF43005C7881</key>
		<dict>
			<key>buildActionMask</key>
			<string>2147483647</string>
			<key>files</key>
			<array>
				<string>8BBF035F1960462800D970C4</string>
				<string>3F4CAB72195F5B82002BC4BE</string>
				<string>FBB001F619449E8D00974AB4</string>
				<string>FBE61DF819434F9B00CAE3F7</string>
				<string>3F4CAB70195F58DF002BC4BE</string>
				<string>FB2B86C319440CBB008187BA</string>
				<string>3F4CAB69195F51C0002BC4BE</string>
				<string>3F731F57194CD18D00C79812</string>
				<string>3F731F59194CE4D700C79812</string>
				<string>8B7B8B9919607AEB004E986B</string>
				<string>FBB001FD1944ABCB00974AB4</string>
				<string>3F731F5C194CF1D800C79812</string>
				<string>FBB001FB1944AA4A00974AB4</string>
				<string>FB517C5018DDDF43005C7881</string>
				<string>3F731F56194CD18D00C79812</string>
				<string>FB517C4218DDDF43005C7881</string>
				<string>3F4CAB6B195F56F2002BC4BE</string>
				<string>FBB001F81944A44400974AB4</string>
				<string>8B4DC833194E20700013C6BD</string>
				<string>FB612B5619441BD900BBDD89</string>
			</array>
			<key>isa</key>
			<string>PBXResourcesBuildPhase</string>
			<key>runOnlyForDeploymentPostprocessing</key>
			<string>0</string>
		</dict>
		<key>FB517C3318DDDF43005C7881</key>
		<dict>
			<key>buildConfigurationList</key>
			<string>FB517C6618DDDF43005C7881</string>
			<key>buildPhases</key>
			<array>
				<string>FB517C3018DDDF43005C7881</string>
				<string>FB517C3118DDDF43005C7881</string>
				<string>FB517C3218DDDF43005C7881</string>
			</array>
			<key>buildRules</key>
			<array/>
			<key>dependencies</key>
			<array/>
			<key>isa</key>
			<string>PBXNativeTarget</string>
			<key>name</key>
			<string>Bus-Gogogo</string>
			<key>productName</key>
			<string>Bus-Gogogo</string>
			<key>productReference</key>
			<string>FB517C3418DDDF43005C7881</string>
			<key>productType</key>
			<string>com.apple.product-type.application</string>
		</dict>
		<key>FB517C3418DDDF43005C7881</key>
		<dict>
			<key>explicitFileType</key>
			<string>wrapper.application</string>
			<key>includeInIndex</key>
			<string>0</string>
			<key>isa</key>
			<string>PBXFileReference</string>
			<key>path</key>
			<string>Bus-Gogogo.app</string>
			<key>sourceTree</key>
			<string>BUILT_PRODUCTS_DIR</string>
		</dict>
		<key>FB517C3518DDDF43005C7881</key>
		<dict>
			<key>children</key>
			<array>
				<string>FB517C3418DDDF43005C7881</string>
				<string>FB517C5518DDDF43005C7881</string>
			</array>
			<key>isa</key>
			<string>PBXGroup</string>
			<key>name</key>
			<string>Products</string>
			<key>sourceTree</key>
			<string>&lt;group&gt;</string>
		</dict>
		<key>FB517C3618DDDF43005C7881</key>
		<dict>
			<key>children</key>
			<array>
				<string>FB517C3718DDDF43005C7881</string>
				<string>FB517C3918DDDF43005C7881</string>
				<string>FB517C3B18DDDF43005C7881</string>
				<string>FB517C5618DDDF43005C7881</string>
				<string>2B3FAB90E95E497C9F4BB358</string>
				<string>6CEC9CA41AFE4D5EA4247A62</string>
			</array>
			<key>isa</key>
			<string>PBXGroup</string>
			<key>name</key>
			<string>Frameworks</string>
			<key>sourceTree</key>
			<string>&lt;group&gt;</string>
		</dict>
		<key>FB517C3718DDDF43005C7881</key>
		<dict>
			<key>isa</key>
			<string>PBXFileReference</string>
			<key>lastKnownFileType</key>
			<string>wrapper.framework</string>
			<key>name</key>
			<string>Foundation.framework</string>
			<key>path</key>
			<string>System/Library/Frameworks/Foundation.framework</string>
			<key>sourceTree</key>
			<string>SDKROOT</string>
		</dict>
		<key>FB517C3818DDDF43005C7881</key>
		<dict>
			<key>fileRef</key>
			<string>FB517C3718DDDF43005C7881</string>
			<key>isa</key>
			<string>PBXBuildFile</string>
		</dict>
		<key>FB517C3918DDDF43005C7881</key>
		<dict>
			<key>isa</key>
			<string>PBXFileReference</string>
			<key>lastKnownFileType</key>
			<string>wrapper.framework</string>
			<key>name</key>
			<string>CoreGraphics.framework</string>
			<key>path</key>
			<string>System/Library/Frameworks/CoreGraphics.framework</string>
			<key>sourceTree</key>
			<string>SDKROOT</string>
		</dict>
		<key>FB517C3A18DDDF43005C7881</key>
		<dict>
			<key>fileRef</key>
			<string>FB517C3918DDDF43005C7881</string>
			<key>isa</key>
			<string>PBXBuildFile</string>
		</dict>
		<key>FB517C3B18DDDF43005C7881</key>
		<dict>
			<key>isa</key>
			<string>PBXFileReference</string>
			<key>lastKnownFileType</key>
			<string>wrapper.framework</string>
			<key>name</key>
			<string>UIKit.framework</string>
			<key>path</key>
			<string>System/Library/Frameworks/UIKit.framework</string>
			<key>sourceTree</key>
			<string>SDKROOT</string>
		</dict>
		<key>FB517C3C18DDDF43005C7881</key>
		<dict>
			<key>fileRef</key>
			<string>FB517C3B18DDDF43005C7881</string>
			<key>isa</key>
			<string>PBXBuildFile</string>
		</dict>
		<key>FB517C3D18DDDF43005C7881</key>
		<dict>
			<key>children</key>
			<array>
				<string>FB517C4618DDDF43005C7881</string>
				<string>FB517C4718DDDF43005C7881</string>
				<string>FBE61DF719434F9B00CAE3F7</string>
				<string>8B7B8B9819607AEB004E986B</string>
				<string>FB93767319D7675500B0487C</string>
				<string>8B80068D195F4A4100EA96B6</string>
				<string>E94206E618F4E514009E9D3D</string>
				<string>FB517C7318DDE4FB005C7881</string>
				<string>FB0CAA8C1933EF0B0088A314</string>
				<string>FB0CAA8A1933EBDD0088A314</string>
				<string>FB0CAA891933EB3C0088A314</string>
				<string>FB517C4F18DDDF43005C7881</string>
				<string>FB517C3E18DDDF43005C7881</string>
			</array>
			<key>isa</key>
			<string>PBXGroup</string>
			<key>path</key>
			<string>Bus-Gogogo</string>
			<key>sourceTree</key>
			<string>&lt;group&gt;</string>
		</dict>
		<key>FB517C3E18DDDF43005C7881</key>
		<dict>
			<key>children</key>
			<array>
				<string>8B4DC832194E20700013C6BD</string>
				<string>FB517C3F18DDDF43005C7881</string>
				<string>FB517C4018DDDF43005C7881</string>
				<string>FB517C4318DDDF43005C7881</string>
				<string>FB517C4518DDDF43005C7881</string>
			</array>
			<key>isa</key>
			<string>PBXGroup</string>
			<key>name</key>
			<string>Supporting Files</string>
			<key>sourceTree</key>
			<string>&lt;group&gt;</string>
		</dict>
		<key>FB517C3F18DDDF43005C7881</key>
		<dict>
			<key>isa</key>
			<string>PBXFileReference</string>
			<key>lastKnownFileType</key>
			<string>text.plist.xml</string>
			<key>path</key>
			<string>Bus-Gogogo-Info.plist</string>
			<key>sourceTree</key>
			<string>&lt;group&gt;</string>
		</dict>
		<key>FB517C4018DDDF43005C7881</key>
		<dict>
			<key>children</key>
			<array>
				<string>FB517C4118DDDF43005C7881</string>
			</array>
			<key>isa</key>
			<string>PBXVariantGroup</string>
			<key>name</key>
			<string>InfoPlist.strings</string>
			<key>sourceTree</key>
			<string>&lt;group&gt;</string>
		</dict>
		<key>FB517C4118DDDF43005C7881</key>
		<dict>
			<key>isa</key>
			<string>PBXFileReference</string>
			<key>lastKnownFileType</key>
			<string>text.plist.strings</string>
			<key>name</key>
			<string>en</string>
			<key>path</key>
			<string>en.lproj/InfoPlist.strings</string>
			<key>sourceTree</key>
			<string>&lt;group&gt;</string>
		</dict>
		<key>FB517C4218DDDF43005C7881</key>
		<dict>
			<key>fileRef</key>
			<string>FB517C4018DDDF43005C7881</string>
			<key>isa</key>
			<string>PBXBuildFile</string>
		</dict>
		<key>FB517C4318DDDF43005C7881</key>
		<dict>
			<key>isa</key>
			<string>PBXFileReference</string>
			<key>lastKnownFileType</key>
			<string>sourcecode.c.objc</string>
			<key>path</key>
			<string>main.m</string>
			<key>sourceTree</key>
			<string>&lt;group&gt;</string>
		</dict>
		<key>FB517C4418DDDF43005C7881</key>
		<dict>
			<key>fileRef</key>
			<string>FB517C4318DDDF43005C7881</string>
			<key>isa</key>
			<string>PBXBuildFile</string>
		</dict>
		<key>FB517C4518DDDF43005C7881</key>
		<dict>
			<key>isa</key>
			<string>PBXFileReference</string>
			<key>lastKnownFileType</key>
			<string>sourcecode.c.h</string>
			<key>path</key>
			<string>Bus-Gogogo-Prefix.pch</string>
			<key>sourceTree</key>
			<string>&lt;group&gt;</string>
		</dict>
		<key>FB517C4618DDDF43005C7881</key>
		<dict>
			<key>isa</key>
			<string>PBXFileReference</string>
			<key>lastKnownFileType</key>
			<string>sourcecode.c.h</string>
			<key>path</key>
			<string>PTAppDelegate.h</string>
			<key>sourceTree</key>
			<string>&lt;group&gt;</string>
		</dict>
		<key>FB517C4718DDDF43005C7881</key>
		<dict>
			<key>isa</key>
			<string>PBXFileReference</string>
			<key>lastKnownFileType</key>
			<string>sourcecode.c.objc</string>
			<key>path</key>
			<string>PTAppDelegate.m</string>
			<key>sourceTree</key>
			<string>&lt;group&gt;</string>
		</dict>
		<key>FB517C4818DDDF43005C7881</key>
		<dict>
			<key>fileRef</key>
			<string>FB517C4718DDDF43005C7881</string>
			<key>isa</key>
			<string>PBXBuildFile</string>
		</dict>
		<key>FB517C4F18DDDF43005C7881</key>
		<dict>
			<key>isa</key>
			<string>PBXFileReference</string>
			<key>lastKnownFileType</key>
			<string>folder.assetcatalog</string>
			<key>path</key>
			<string>Images.xcassets</string>
			<key>sourceTree</key>
			<string>&lt;group&gt;</string>
		</dict>
		<key>FB517C5018DDDF43005C7881</key>
		<dict>
			<key>fileRef</key>
			<string>FB517C4F18DDDF43005C7881</string>
			<key>isa</key>
			<string>PBXBuildFile</string>
		</dict>
		<key>FB517C5118DDDF43005C7881</key>
		<dict>
			<key>buildActionMask</key>
			<string>2147483647</string>
			<key>files</key>
			<array>
				<string>FB8714C51944FACF00670513</string>
				<string>FBB54463193B8B9B00F72979</string>
			</array>
			<key>isa</key>
			<string>PBXSourcesBuildPhase</string>
			<key>runOnlyForDeploymentPostprocessing</key>
			<string>0</string>
		</dict>
		<key>FB517C5218DDDF43005C7881</key>
		<dict>
			<key>buildActionMask</key>
			<string>2147483647</string>
			<key>files</key>
			<array>
				<string>FB517C5718DDDF43005C7881</string>
				<string>FB517C5918DDDF43005C7881</string>
				<string>FB517C5818DDDF43005C7881</string>
				<string>E3D78FF620B54F618D846F7C</string>
			</array>
			<key>isa</key>
			<string>PBXFrameworksBuildPhase</string>
			<key>runOnlyForDeploymentPostprocessing</key>
			<string>0</string>
		</dict>
		<key>FB517C5318DDDF43005C7881</key>
		<dict>
			<key>buildActionMask</key>
			<string>2147483647</string>
			<key>files</key>
			<array>
				<string>FB517C6118DDDF43005C7881</string>
			</array>
			<key>isa</key>
			<string>PBXResourcesBuildPhase</string>
			<key>runOnlyForDeploymentPostprocessing</key>
			<string>0</string>
		</dict>
		<key>FB517C5418DDDF43005C7881</key>
		<dict>
			<key>buildConfigurationList</key>
			<string>FB517C6918DDDF43005C7881</string>
			<key>buildPhases</key>
			<array>
				<string>356D4A14F6374B50AB417C41</string>
				<string>FB517C5118DDDF43005C7881</string>
				<string>FB517C5218DDDF43005C7881</string>
				<string>FB517C5318DDDF43005C7881</string>
				<string>584F4004C4B642B9A96777D0</string>
			</array>
			<key>buildRules</key>
			<array/>
			<key>dependencies</key>
			<array>
				<string>FB517C5B18DDDF43005C7881</string>
			</array>
			<key>isa</key>
			<string>PBXNativeTarget</string>
			<key>name</key>
			<string>Bus-GogogoTests</string>
			<key>productName</key>
			<string>Bus-GogogoTests</string>
			<key>productReference</key>
			<string>FB517C5518DDDF43005C7881</string>
			<key>productType</key>
			<string>com.apple.product-type.bundle.unit-test</string>
		</dict>
		<key>FB517C5518DDDF43005C7881</key>
		<dict>
			<key>explicitFileType</key>
			<string>wrapper.cfbundle</string>
			<key>includeInIndex</key>
			<string>0</string>
			<key>isa</key>
			<string>PBXFileReference</string>
			<key>path</key>
			<string>Bus-GogogoTests.xctest</string>
			<key>sourceTree</key>
			<string>BUILT_PRODUCTS_DIR</string>
		</dict>
		<key>FB517C5618DDDF43005C7881</key>
		<dict>
			<key>isa</key>
			<string>PBXFileReference</string>
			<key>lastKnownFileType</key>
			<string>wrapper.framework</string>
			<key>name</key>
			<string>XCTest.framework</string>
			<key>path</key>
			<string>Library/Frameworks/XCTest.framework</string>
			<key>sourceTree</key>
			<string>DEVELOPER_DIR</string>
		</dict>
		<key>FB517C5718DDDF43005C7881</key>
		<dict>
			<key>fileRef</key>
			<string>FB517C5618DDDF43005C7881</string>
			<key>isa</key>
			<string>PBXBuildFile</string>
		</dict>
		<key>FB517C5818DDDF43005C7881</key>
		<dict>
			<key>fileRef</key>
			<string>FB517C3718DDDF43005C7881</string>
			<key>isa</key>
			<string>PBXBuildFile</string>
		</dict>
		<key>FB517C5918DDDF43005C7881</key>
		<dict>
			<key>fileRef</key>
			<string>FB517C3B18DDDF43005C7881</string>
			<key>isa</key>
			<string>PBXBuildFile</string>
		</dict>
		<key>FB517C5A18DDDF43005C7881</key>
		<dict>
			<key>containerPortal</key>
			<string>FB517C2C18DDDF43005C7881</string>
			<key>isa</key>
			<string>PBXContainerItemProxy</string>
			<key>proxyType</key>
			<string>1</string>
			<key>remoteGlobalIDString</key>
			<string>FB517C3318DDDF43005C7881</string>
			<key>remoteInfo</key>
			<string>Bus-Gogogo</string>
		</dict>
		<key>FB517C5B18DDDF43005C7881</key>
		<dict>
			<key>isa</key>
			<string>PBXTargetDependency</string>
			<key>target</key>
			<string>FB517C3318DDDF43005C7881</string>
			<key>targetProxy</key>
			<string>FB517C5A18DDDF43005C7881</string>
		</dict>
		<key>FB517C5C18DDDF43005C7881</key>
		<dict>
			<key>children</key>
			<array>
				<string>FBB54462193B8B9B00F72979</string>
				<string>FB8714C41944FACF00670513</string>
				<string>FB517C5D18DDDF43005C7881</string>
			</array>
			<key>isa</key>
			<string>PBXGroup</string>
			<key>path</key>
			<string>Bus-GogogoTests</string>
			<key>sourceTree</key>
			<string>&lt;group&gt;</string>
		</dict>
		<key>FB517C5D18DDDF43005C7881</key>
		<dict>
			<key>children</key>
			<array>
				<string>FB517C5E18DDDF43005C7881</string>
				<string>FB517C5F18DDDF43005C7881</string>
			</array>
			<key>isa</key>
			<string>PBXGroup</string>
			<key>name</key>
			<string>Supporting Files</string>
			<key>sourceTree</key>
			<string>&lt;group&gt;</string>
		</dict>
		<key>FB517C5E18DDDF43005C7881</key>
		<dict>
			<key>isa</key>
			<string>PBXFileReference</string>
			<key>lastKnownFileType</key>
			<string>text.plist.xml</string>
			<key>path</key>
			<string>Bus-GogogoTests-Info.plist</string>
			<key>sourceTree</key>
			<string>&lt;group&gt;</string>
		</dict>
		<key>FB517C5F18DDDF43005C7881</key>
		<dict>
			<key>children</key>
			<array>
				<string>FB517C6018DDDF43005C7881</string>
			</array>
			<key>isa</key>
			<string>PBXVariantGroup</string>
			<key>name</key>
			<string>InfoPlist.strings</string>
			<key>sourceTree</key>
			<string>&lt;group&gt;</string>
		</dict>
		<key>FB517C6018DDDF43005C7881</key>
		<dict>
			<key>isa</key>
			<string>PBXFileReference</string>
			<key>lastKnownFileType</key>
			<string>text.plist.strings</string>
			<key>name</key>
			<string>en</string>
			<key>path</key>
			<string>en.lproj/InfoPlist.strings</string>
			<key>sourceTree</key>
			<string>&lt;group&gt;</string>
		</dict>
		<key>FB517C6118DDDF43005C7881</key>
		<dict>
			<key>fileRef</key>
			<string>FB517C5F18DDDF43005C7881</string>
			<key>isa</key>
			<string>PBXBuildFile</string>
		</dict>
		<key>FB517C6418DDDF43005C7881</key>
		<dict>
			<key>buildSettings</key>
			<dict>
				<key>ALWAYS_SEARCH_USER_PATHS</key>
				<string>NO</string>
				<key>CLANG_CXX_LANGUAGE_STANDARD</key>
				<string>gnu++0x</string>
				<key>CLANG_CXX_LIBRARY</key>
				<string>libc++</string>
				<key>CLANG_ENABLE_MODULES</key>
				<string>YES</string>
				<key>CLANG_ENABLE_OBJC_ARC</key>
				<string>YES</string>
				<key>CLANG_WARN_BOOL_CONVERSION</key>
				<string>YES</string>
				<key>CLANG_WARN_CONSTANT_CONVERSION</key>
				<string>YES</string>
				<key>CLANG_WARN_DIRECT_OBJC_ISA_USAGE</key>
				<string>YES_ERROR</string>
				<key>CLANG_WARN_EMPTY_BODY</key>
				<string>YES</string>
				<key>CLANG_WARN_ENUM_CONVERSION</key>
				<string>YES</string>
				<key>CLANG_WARN_INT_CONVERSION</key>
				<string>YES</string>
				<key>CLANG_WARN_OBJC_ROOT_CLASS</key>
				<string>YES_ERROR</string>
				<key>CLANG_WARN__DUPLICATE_METHOD_MATCH</key>
				<string>YES</string>
				<key>CODE_SIGN_IDENTITY[sdk=iphoneos*]</key>
				<string>iPhone Developer</string>
				<key>COPY_PHASE_STRIP</key>
				<string>NO</string>
				<key>GCC_C_LANGUAGE_STANDARD</key>
				<string>gnu99</string>
				<key>GCC_DYNAMIC_NO_PIC</key>
				<string>NO</string>
				<key>GCC_OPTIMIZATION_LEVEL</key>
				<string>0</string>
				<key>GCC_PREPROCESSOR_DEFINITIONS</key>
				<array>
					<string>DEBUG=1</string>
					<string>$(inherited)</string>
				</array>
				<key>GCC_SYMBOLS_PRIVATE_EXTERN</key>
				<string>NO</string>
				<key>GCC_WARN_64_TO_32_BIT_CONVERSION</key>
				<string>YES</string>
				<key>GCC_WARN_ABOUT_RETURN_TYPE</key>
				<string>YES_ERROR</string>
				<key>GCC_WARN_UNDECLARED_SELECTOR</key>
				<string>YES</string>
				<key>GCC_WARN_UNINITIALIZED_AUTOS</key>
				<string>YES</string>
				<key>GCC_WARN_UNUSED_FUNCTION</key>
				<string>YES</string>
				<key>GCC_WARN_UNUSED_VARIABLE</key>
				<string>YES</string>
				<key>IPHONEOS_DEPLOYMENT_TARGET</key>
				<string>7.0</string>
				<key>ONLY_ACTIVE_ARCH</key>
				<string>YES</string>
				<key>SDKROOT</key>
				<string>iphoneos</string>
			</dict>
			<key>isa</key>
			<string>XCBuildConfiguration</string>
			<key>name</key>
			<string>Debug</string>
		</dict>
		<key>FB517C6518DDDF43005C7881</key>
		<dict>
			<key>buildSettings</key>
			<dict>
				<key>ALWAYS_SEARCH_USER_PATHS</key>
				<string>NO</string>
				<key>CLANG_CXX_LANGUAGE_STANDARD</key>
				<string>gnu++0x</string>
				<key>CLANG_CXX_LIBRARY</key>
				<string>libc++</string>
				<key>CLANG_ENABLE_MODULES</key>
				<string>YES</string>
				<key>CLANG_ENABLE_OBJC_ARC</key>
				<string>YES</string>
				<key>CLANG_WARN_BOOL_CONVERSION</key>
				<string>YES</string>
				<key>CLANG_WARN_CONSTANT_CONVERSION</key>
				<string>YES</string>
				<key>CLANG_WARN_DIRECT_OBJC_ISA_USAGE</key>
				<string>YES_ERROR</string>
				<key>CLANG_WARN_EMPTY_BODY</key>
				<string>YES</string>
				<key>CLANG_WARN_ENUM_CONVERSION</key>
				<string>YES</string>
				<key>CLANG_WARN_INT_CONVERSION</key>
				<string>YES</string>
				<key>CLANG_WARN_OBJC_ROOT_CLASS</key>
				<string>YES_ERROR</string>
				<key>CLANG_WARN__DUPLICATE_METHOD_MATCH</key>
				<string>YES</string>
				<key>CODE_SIGN_IDENTITY[sdk=iphoneos*]</key>
				<string>iPhone Developer</string>
				<key>COPY_PHASE_STRIP</key>
				<string>YES</string>
				<key>ENABLE_NS_ASSERTIONS</key>
				<string>NO</string>
				<key>GCC_C_LANGUAGE_STANDARD</key>
				<string>gnu99</string>
				<key>GCC_WARN_64_TO_32_BIT_CONVERSION</key>
				<string>YES</string>
				<key>GCC_WARN_ABOUT_RETURN_TYPE</key>
				<string>YES_ERROR</string>
				<key>GCC_WARN_UNDECLARED_SELECTOR</key>
				<string>YES</string>
				<key>GCC_WARN_UNINITIALIZED_AUTOS</key>
				<string>YES</string>
				<key>GCC_WARN_UNUSED_FUNCTION</key>
				<string>YES</string>
				<key>GCC_WARN_UNUSED_VARIABLE</key>
				<string>YES</string>
				<key>IPHONEOS_DEPLOYMENT_TARGET</key>
				<string>7.0</string>
				<key>SDKROOT</key>
				<string>iphoneos</string>
				<key>VALIDATE_PRODUCT</key>
				<string>YES</string>
			</dict>
			<key>isa</key>
			<string>XCBuildConfiguration</string>
			<key>name</key>
			<string>Release</string>
		</dict>
		<key>FB517C6618DDDF43005C7881</key>
		<dict>
			<key>buildConfigurations</key>
			<array>
				<string>FB517C6718DDDF43005C7881</string>
				<string>FB517C6818DDDF43005C7881</string>
			</array>
			<key>defaultConfigurationIsVisible</key>
			<string>0</string>
			<key>defaultConfigurationName</key>
			<string>Release</string>
			<key>isa</key>
			<string>XCConfigurationList</string>
		</dict>
		<key>FB517C6718DDDF43005C7881</key>
		<dict>
			<key>buildSettings</key>
			<dict>
				<key>ASSETCATALOG_COMPILER_APPICON_NAME</key>
				<string>AppIcon</string>
				<key>ASSETCATALOG_COMPILER_LAUNCHIMAGE_NAME</key>
				<string>LaunchImage</string>
				<key>CODE_SIGN_IDENTITY</key>
				<string>iPhone Developer</string>
				<key>CODE_SIGN_IDENTITY[sdk=iphoneos*]</key>
				<string>iPhone Developer</string>
				<key>GCC_PRECOMPILE_PREFIX_HEADER</key>
				<string>YES</string>
				<key>GCC_PREFIX_HEADER</key>
				<string>Bus-Gogogo/Bus-Gogogo-Prefix.pch</string>
				<key>INFOPLIST_FILE</key>
				<string>Bus-Gogogo/Bus-Gogogo-Info.plist</string>
				<key>IPHONEOS_DEPLOYMENT_TARGET</key>
				<string>7.1</string>
				<key>PRODUCT_NAME</key>
				<string>$(TARGET_NAME)</string>
				<key>PROVISIONING_PROFILE</key>
				<string></string>
				<key>WRAPPER_EXTENSION</key>
				<string>app</string>
			</dict>
			<key>isa</key>
			<string>XCBuildConfiguration</string>
			<key>name</key>
			<string>Debug</string>
		</dict>
		<key>FB517C6818DDDF43005C7881</key>
		<dict>
			<key>buildSettings</key>
			<dict>
				<key>ASSETCATALOG_COMPILER_APPICON_NAME</key>
				<string>AppIcon</string>
				<key>ASSETCATALOG_COMPILER_LAUNCHIMAGE_NAME</key>
				<string>LaunchImage</string>
				<key>CODE_SIGN_IDENTITY</key>
				<string>iPhone Developer</string>
				<key>CODE_SIGN_IDENTITY[sdk=iphoneos*]</key>
				<string>iPhone Developer</string>
				<key>GCC_PRECOMPILE_PREFIX_HEADER</key>
				<string>YES</string>
				<key>GCC_PREFIX_HEADER</key>
				<string>Bus-Gogogo/Bus-Gogogo-Prefix.pch</string>
				<key>INFOPLIST_FILE</key>
				<string>Bus-Gogogo/Bus-Gogogo-Info.plist</string>
				<key>IPHONEOS_DEPLOYMENT_TARGET</key>
				<string>7.1</string>
				<key>PRODUCT_NAME</key>
				<string>$(TARGET_NAME)</string>
				<key>PROVISIONING_PROFILE</key>
				<string></string>
				<key>WRAPPER_EXTENSION</key>
				<string>app</string>
			</dict>
			<key>isa</key>
			<string>XCBuildConfiguration</string>
			<key>name</key>
			<string>Release</string>
		</dict>
		<key>FB517C6918DDDF43005C7881</key>
		<dict>
			<key>buildConfigurations</key>
			<array>
				<string>FB517C6A18DDDF43005C7881</string>
				<string>FB517C6B18DDDF43005C7881</string>
			</array>
			<key>defaultConfigurationIsVisible</key>
			<string>0</string>
			<key>defaultConfigurationName</key>
			<string>Release</string>
			<key>isa</key>
			<string>XCConfigurationList</string>
		</dict>
		<key>FB517C6A18DDDF43005C7881</key>
		<dict>
			<key>baseConfigurationReference</key>
			<string>D26C23C58A96AE20D923D571</string>
			<key>buildSettings</key>
			<dict>
				<key>BUNDLE_LOADER</key>
				<string>$(BUILT_PRODUCTS_DIR)/Bus-Gogogo.app/Bus-Gogogo</string>
				<key>FRAMEWORK_SEARCH_PATHS</key>
				<array>
					<string>$(SDKROOT)/Developer/Library/Frameworks</string>
					<string>$(inherited)</string>
					<string>$(DEVELOPER_FRAMEWORKS_DIR)</string>
				</array>
				<key>GCC_PRECOMPILE_PREFIX_HEADER</key>
				<string>YES</string>
				<key>GCC_PREFIX_HEADER</key>
				<string>Bus-Gogogo/Bus-Gogogo-Prefix.pch</string>
				<key>GCC_PREPROCESSOR_DEFINITIONS</key>
				<array>
					<string>DEBUG=1</string>
					<string>$(inherited)</string>
				</array>
				<key>INFOPLIST_FILE</key>
				<string>Bus-GogogoTests/Bus-GogogoTests-Info.plist</string>
				<key>PRODUCT_NAME</key>
				<string>$(TARGET_NAME)</string>
				<key>TEST_HOST</key>
				<string>$(BUNDLE_LOADER)</string>
				<key>WRAPPER_EXTENSION</key>
				<string>xctest</string>
			</dict>
			<key>isa</key>
			<string>XCBuildConfiguration</string>
			<key>name</key>
			<string>Debug</string>
		</dict>
		<key>FB517C6B18DDDF43005C7881</key>
		<dict>
			<key>baseConfigurationReference</key>
			<string>1AD31022139B83C9659F2097</string>
			<key>buildSettings</key>
			<dict>
				<key>BUNDLE_LOADER</key>
				<string>$(BUILT_PRODUCTS_DIR)/Bus-Gogogo.app/Bus-Gogogo</string>
				<key>FRAMEWORK_SEARCH_PATHS</key>
				<array>
					<string>$(SDKROOT)/Developer/Library/Frameworks</string>
					<string>$(inherited)</string>
					<string>$(DEVELOPER_FRAMEWORKS_DIR)</string>
				</array>
				<key>GCC_PRECOMPILE_PREFIX_HEADER</key>
				<string>YES</string>
				<key>GCC_PREFIX_HEADER</key>
				<string>Bus-Gogogo/Bus-Gogogo-Prefix.pch</string>
				<key>INFOPLIST_FILE</key>
				<string>Bus-GogogoTests/Bus-GogogoTests-Info.plist</string>
				<key>PRODUCT_NAME</key>
				<string>$(TARGET_NAME)</string>
				<key>TEST_HOST</key>
				<string>$(BUNDLE_LOADER)</string>
				<key>WRAPPER_EXTENSION</key>
				<string>xctest</string>
			</dict>
			<key>isa</key>
			<string>XCBuildConfiguration</string>
			<key>name</key>
			<string>Release</string>
		</dict>
		<key>FB517C6D18DDE30F005C7881</key>
		<dict>
			<key>fileEncoding</key>
			<string>4</string>
			<key>isa</key>
			<string>PBXFileReference</string>
			<key>lastKnownFileType</key>
			<string>sourcecode.c.h</string>
			<key>path</key>
			<string>PTLine.h</string>
			<key>sourceTree</key>
			<string>&lt;group&gt;</string>
		</dict>
		<key>FB517C6E18DDE30F005C7881</key>
		<dict>
			<key>fileEncoding</key>
			<string>4</string>
			<key>isa</key>
			<string>PBXFileReference</string>
			<key>lastKnownFileType</key>
			<string>sourcecode.c.objc</string>
			<key>path</key>
			<string>PTLine.m</string>
			<key>sourceTree</key>
			<string>&lt;group&gt;</string>
		</dict>
		<key>FB517C6F18DDE30F005C7881</key>
		<dict>
			<key>fileRef</key>
			<string>FB517C6E18DDE30F005C7881</string>
			<key>isa</key>
			<string>PBXBuildFile</string>
		</dict>
		<key>FB517C7018DDE4F4005C7881</key>
		<dict>
			<key>fileEncoding</key>
			<string>4</string>
			<key>isa</key>
			<string>PBXFileReference</string>
			<key>lastKnownFileType</key>
			<string>sourcecode.c.h</string>
			<key>path</key>
			<string>PTStop.h</string>
			<key>sourceTree</key>
			<string>&lt;group&gt;</string>
		</dict>
		<key>FB517C7118DDE4F4005C7881</key>
		<dict>
			<key>fileEncoding</key>
			<string>4</string>
			<key>isa</key>
			<string>PBXFileReference</string>
			<key>lastKnownFileType</key>
			<string>sourcecode.c.objc</string>
			<key>path</key>
			<string>PTStop.m</string>
			<key>sourceTree</key>
			<string>&lt;group&gt;</string>
		</dict>
		<key>FB517C7218DDE4F4005C7881</key>
		<dict>
			<key>fileRef</key>
			<string>FB517C7118DDE4F4005C7881</string>
			<key>isa</key>
			<string>PBXBuildFile</string>
		</dict>
		<key>FB517C7318DDE4FB005C7881</key>
		<dict>
			<key>children</key>
			<array>
				<string>FBDBB9A4193BDAC4008374A2</string>
				<string>FBDBB9A2193BC744008374A2</string>
				<string>FB01A5DC18E76226001C793F</string>
				<string>FB01A5DD18E76226001C793F</string>
				<string>FB01A5DF18E76427001C793F</string>
				<string>FB01A5E018E76427001C793F</string>
				<string>FBB5EB3818E738E6007921A3</string>
				<string>FBB5EB3918E738E6007921A3</string>
				<string>FBB5EB3B18E739BD007921A3</string>
				<string>FBB5EB3C18E739BD007921A3</string>
				<string>FB517C6D18DDE30F005C7881</string>
				<string>FB517C6E18DDE30F005C7881</string>
				<string>FB517C7018DDE4F4005C7881</string>
				<string>FB517C7118DDE4F4005C7881</string>
				<string>FBC773A818DE1D7600621261</string>
				<string>FBC773A918DE1D7600621261</string>
				<string>FB65611D19154236009EA53E</string>
				<string>FB65611E19154236009EA53E</string>
				<string>E966D16D18F9800700CD8C0F</string>
				<string>E966D16E18F9800700CD8C0F</string>
				<string>FB3D48E718EFC1F900302031</string>
				<string>FB3D48E818EFC1F900302031</string>
			</array>
			<key>isa</key>
			<string>PBXGroup</string>
			<key>name</key>
			<string>Model</string>
			<key>sourceTree</key>
			<string>&lt;group&gt;</string>
		</dict>
		<key>FB5440591945458C00EF7ACE</key>
		<dict>
			<key>children</key>
			<array>
				<string>FBD8B66119360DDE00E43725</string>
				<string>FBD8B66219360DDE00E43725</string>
				<string>FBB15CC81943D9D800B4AD81</string>
				<string>FBB15CC91943D9D800B4AD81</string>
			</array>
			<key>isa</key>
			<string>PBXGroup</string>
			<key>name</key>
			<string>RoutePickerViewController</string>
			<key>sourceTree</key>
			<string>&lt;group&gt;</string>
		</dict>
		<key>FB612B5419441A6200BBDD89</key>
		<dict>
			<key>children</key>
			<array>
				<string>FB2B86C219440CBB008187BA</string>
				<string>FB2B86C4194410C5008187BA</string>
				<string>FB2B86C5194410C5008187BA</string>
			</array>
			<key>isa</key>
			<string>PBXGroup</string>
			<key>name</key>
			<string>RegionHeaderView</string>
			<key>sourceTree</key>
			<string>&lt;group&gt;</string>
		</dict>
		<key>FB612B5519441BD900BBDD89</key>
		<dict>
			<key>fileEncoding</key>
			<string>4</string>
			<key>isa</key>
			<string>PBXFileReference</string>
			<key>lastKnownFileType</key>
			<string>file.xib</string>
			<key>path</key>
			<string>PTRouteSummaryCell_WhiteGreen.xib</string>
			<key>sourceTree</key>
			<string>&lt;group&gt;</string>
		</dict>
		<key>FB612B5619441BD900BBDD89</key>
		<dict>
			<key>fileRef</key>
			<string>FB612B5519441BD900BBDD89</string>
			<key>isa</key>
			<string>PBXBuildFile</string>
		</dict>
		<key>FB612B5719441E7200BBDD89</key>
		<dict>
			<key>fileEncoding</key>
			<string>4</string>
			<key>isa</key>
			<string>PBXFileReference</string>
			<key>lastKnownFileType</key>
			<string>sourcecode.c.h</string>
			<key>path</key>
			<string>PTRouteSummaryCell.h</string>
			<key>sourceTree</key>
			<string>&lt;group&gt;</string>
		</dict>
		<key>FB612B5819441E7200BBDD89</key>
		<dict>
			<key>fileEncoding</key>
			<string>4</string>
			<key>isa</key>
			<string>PBXFileReference</string>
			<key>lastKnownFileType</key>
			<string>sourcecode.c.objc</string>
			<key>path</key>
			<string>PTRouteSummaryCell.m</string>
			<key>sourceTree</key>
			<string>&lt;group&gt;</string>
		</dict>
		<key>FB612B5919441E7200BBDD89</key>
		<dict>
			<key>fileRef</key>
			<string>FB612B5819441E7200BBDD89</string>
			<key>isa</key>
			<string>PBXBuildFile</string>
		</dict>
		<key>FB612B5A19441E7B00BBDD89</key>
		<dict>
			<key>children</key>
			<array>
				<string>FB612B5719441E7200BBDD89</string>
				<string>FB612B5819441E7200BBDD89</string>
				<string>FB612B5519441BD900BBDD89</string>
				<string>FBB001F519449E8D00974AB4</string>
			</array>
			<key>isa</key>
			<string>PBXGroup</string>
			<key>name</key>
			<string>PTRouteSummaryCell</string>
			<key>sourceTree</key>
			<string>&lt;group&gt;</string>
		</dict>
		<key>FB65611D19154236009EA53E</key>
		<dict>
			<key>fileEncoding</key>
			<string>4</string>
			<key>isa</key>
			<string>PBXFileReference</string>
			<key>lastKnownFileType</key>
			<string>sourcecode.c.h</string>
			<key>path</key>
			<string>PTRoute.h</string>
			<key>sourceTree</key>
			<string>&lt;group&gt;</string>
		</dict>
		<key>FB65611E19154236009EA53E</key>
		<dict>
			<key>fileEncoding</key>
			<string>4</string>
			<key>isa</key>
			<string>PBXFileReference</string>
			<key>lastKnownFileType</key>
			<string>sourcecode.c.objc</string>
			<key>path</key>
			<string>PTRoute.m</string>
			<key>sourceTree</key>
			<string>&lt;group&gt;</string>
		</dict>
		<key>FB65611F19154236009EA53E</key>
		<dict>
			<key>fileRef</key>
			<string>FB65611E19154236009EA53E</string>
			<key>isa</key>
			<string>PBXBuildFile</string>
		</dict>
		<key>FB786CBE18F99510002A7CFF</key>
		<dict>
			<key>fileEncoding</key>
			<string>4</string>
			<key>isa</key>
			<string>PBXFileReference</string>
			<key>lastKnownFileType</key>
			<string>sourcecode.c.h</string>
			<key>path</key>
			<string>PTMapContainerView.h</string>
			<key>sourceTree</key>
			<string>&lt;group&gt;</string>
		</dict>
		<key>FB786CBF18F99510002A7CFF</key>
		<dict>
			<key>fileEncoding</key>
			<string>4</string>
			<key>isa</key>
			<string>PBXFileReference</string>
			<key>lastKnownFileType</key>
			<string>sourcecode.c.objc</string>
			<key>path</key>
			<string>PTMapContainerView.m</string>
			<key>sourceTree</key>
			<string>&lt;group&gt;</string>
		</dict>
		<key>FB786CC018F99510002A7CFF</key>
		<dict>
			<key>fileRef</key>
			<string>FB786CBF18F99510002A7CFF</string>
			<key>isa</key>
			<string>PBXBuildFile</string>
		</dict>
		<key>FB8714BF1944F54300670513</key>
		<dict>
			<key>fileEncoding</key>
			<string>4</string>
			<key>isa</key>
			<string>PBXFileReference</string>
			<key>lastKnownFileType</key>
			<string>sourcecode.c.h</string>
			<key>path</key>
			<string>PTDownloadTask.h</string>
			<key>sourceTree</key>
			<string>&lt;group&gt;</string>
		</dict>
		<key>FB8714C01944F54300670513</key>
		<dict>
			<key>fileEncoding</key>
			<string>4</string>
			<key>isa</key>
			<string>PBXFileReference</string>
			<key>lastKnownFileType</key>
			<string>sourcecode.c.objc</string>
			<key>path</key>
			<string>PTDownloadTask.m</string>
			<key>sourceTree</key>
			<string>&lt;group&gt;</string>
		</dict>
		<key>FB8714C11944F54300670513</key>
		<dict>
			<key>fileRef</key>
			<string>FB8714C01944F54300670513</string>
			<key>isa</key>
			<string>PBXBuildFile</string>
		</dict>
		<key>FB8714C41944FACF00670513</key>
		<dict>
			<key>fileEncoding</key>
			<string>4</string>
			<key>isa</key>
			<string>PBXFileReference</string>
			<key>lastKnownFileType</key>
			<string>sourcecode.c.objc</string>
			<key>path</key>
			<string>PTDownloadTaskTests.m</string>
			<key>sourceTree</key>
			<string>&lt;group&gt;</string>
		</dict>
		<key>FB8714C51944FACF00670513</key>
		<dict>
			<key>fileRef</key>
			<string>FB8714C41944FACF00670513</string>
			<key>isa</key>
			<string>PBXBuildFile</string>
		</dict>
		<key>FB8714CF1945109500670513</key>
		<dict>
			<key>fileEncoding</key>
			<string>4</string>
			<key>isa</key>
			<string>PBXFileReference</string>
			<key>lastKnownFileType</key>
			<string>sourcecode.c.h</string>
			<key>path</key>
			<string>PTStopGroupDownloadRequester.h</string>
			<key>sourceTree</key>
			<string>&lt;group&gt;</string>
		</dict>
		<key>FB8714D01945109500670513</key>
		<dict>
			<key>fileEncoding</key>
			<string>4</string>
			<key>isa</key>
			<string>PBXFileReference</string>
			<key>lastKnownFileType</key>
			<string>sourcecode.c.objc</string>
			<key>path</key>
			<string>PTStopGroupDownloadRequester.m</string>
			<key>sourceTree</key>
			<string>&lt;group&gt;</string>
		</dict>
		<key>FB8714D11945109500670513</key>
		<dict>
			<key>fileRef</key>
			<string>FB8714D01945109500670513</string>
			<key>isa</key>
			<string>PBXBuildFile</string>
		</dict>
		<key>FB8714D21945144000670513</key>
		<dict>
			<key>fileEncoding</key>
			<string>4</string>
			<key>isa</key>
			<string>PBXFileReference</string>
			<key>lastKnownFileType</key>
			<string>sourcecode.c.h</string>
			<key>path</key>
			<string>PTAllRoutesDownloadRequester.h</string>
			<key>sourceTree</key>
			<string>&lt;group&gt;</string>
		</dict>
		<key>FB8714D31945144000670513</key>
		<dict>
			<key>fileEncoding</key>
			<string>4</string>
			<key>isa</key>
			<string>PBXFileReference</string>
			<key>lastKnownFileType</key>
			<string>sourcecode.c.objc</string>
			<key>path</key>
			<string>PTAllRoutesDownloadRequester.m</string>
			<key>sourceTree</key>
			<string>&lt;group&gt;</string>
		</dict>
		<key>FB8714D41945144000670513</key>
		<dict>
			<key>fileRef</key>
			<string>FB8714D31945144000670513</string>
			<key>isa</key>
			<string>PBXBuildFile</string>
		</dict>
		<key>FB8714D5194515D100670513</key>
		<dict>
			<key>fileEncoding</key>
			<string>4</string>
			<key>isa</key>
			<string>PBXFileReference</string>
			<key>lastKnownFileType</key>
			<string>sourcecode.c.h</string>
			<key>path</key>
			<string>PTMonitoredVehicleJourneyDownloadRequester.h</string>
			<key>sourceTree</key>
			<string>&lt;group&gt;</string>
		</dict>
		<key>FB8714D6194515D100670513</key>
		<dict>
			<key>fileEncoding</key>
			<string>4</string>
			<key>isa</key>
			<string>PBXFileReference</string>
			<key>lastKnownFileType</key>
			<string>sourcecode.c.objc</string>
			<key>path</key>
			<string>PTMonitoredVehicleJourneyDownloadRequester.m</string>
			<key>sourceTree</key>
			<string>&lt;group&gt;</string>
		</dict>
		<key>FB8714D7194515D100670513</key>
		<dict>
			<key>fileRef</key>
			<string>FB8714D6194515D100670513</string>
			<key>isa</key>
			<string>PBXBuildFile</string>
		</dict>
		<key>FB93767319D7675500B0487C</key>
		<dict>
			<key>children</key>
			<array>
				<string>FB5440591945458C00EF7ACE</string>
				<string>FBE61DF91943529B00CAE3F7</string>
				<string>FBE61DFA1943529B00CAE3F7</string>
				<string>FB93767419D7679000B0487C</string>
				<string>FB93767519D7679000B0487C</string>
			</array>
			<key>isa</key>
			<string>PBXGroup</string>
			<key>name</key>
			<string>ViewControllers</string>
			<key>sourceTree</key>
			<string>&lt;group&gt;</string>
		</dict>
		<key>FB93767419D7679000B0487C</key>
		<dict>
			<key>fileEncoding</key>
			<string>4</string>
			<key>isa</key>
			<string>PBXFileReference</string>
			<key>lastKnownFileType</key>
			<string>sourcecode.c.h</string>
			<key>path</key>
			<string>MainViewController.h</string>
			<key>sourceTree</key>
			<string>&lt;group&gt;</string>
		</dict>
		<key>FB93767519D7679000B0487C</key>
		<dict>
			<key>fileEncoding</key>
			<string>4</string>
			<key>isa</key>
			<string>PBXFileReference</string>
			<key>lastKnownFileType</key>
			<string>sourcecode.c.objc</string>
			<key>path</key>
			<string>MainViewController.m</string>
			<key>sourceTree</key>
			<string>&lt;group&gt;</string>
		</dict>
		<key>FB93767619D7679000B0487C</key>
		<dict>
			<key>fileRef</key>
			<string>FB93767519D7679000B0487C</string>
			<key>isa</key>
			<string>PBXBuildFile</string>
		</dict>
		<key>FBA258CB193899FB007B05DE</key>
		<dict>
			<key>fileEncoding</key>
			<string>4</string>
			<key>isa</key>
			<string>PBXFileReference</string>
			<key>lastKnownFileType</key>
			<string>sourcecode.c.h</string>
			<key>path</key>
			<string>PTRoutePresenterController.h</string>
			<key>sourceTree</key>
			<string>&lt;group&gt;</string>
		</dict>
		<key>FBA258CC193899FB007B05DE</key>
		<dict>
			<key>fileEncoding</key>
			<string>4</string>
			<key>isa</key>
			<string>PBXFileReference</string>
			<key>lastKnownFileType</key>
			<string>sourcecode.c.objc</string>
			<key>path</key>
			<string>PTRoutePresenterController.m</string>
			<key>sourceTree</key>
			<string>&lt;group&gt;</string>
		</dict>
		<key>FBA258CD193899FB007B05DE</key>
		<dict>
			<key>fileRef</key>
			<string>FBA258CC193899FB007B05DE</string>
			<key>isa</key>
			<string>PBXBuildFile</string>
		</dict>
		<key>FBA258CE19389A0B007B05DE</key>
		<dict>
			<key>fileEncoding</key>
			<string>4</string>
			<key>isa</key>
			<string>PBXFileReference</string>
			<key>lastKnownFileType</key>
			<string>sourcecode.c.h</string>
			<key>path</key>
			<string>PTRoutePresenterView.h</string>
			<key>sourceTree</key>
			<string>&lt;group&gt;</string>
		</dict>
		<key>FBA258CF19389A0B007B05DE</key>
		<dict>
			<key>fileEncoding</key>
			<string>4</string>
			<key>isa</key>
			<string>PBXFileReference</string>
			<key>lastKnownFileType</key>
			<string>sourcecode.c.objc</string>
			<key>path</key>
			<string>PTRoutePresenterView.m</string>
			<key>sourceTree</key>
			<string>&lt;group&gt;</string>
		</dict>
		<key>FBA258D019389A0B007B05DE</key>
		<dict>
			<key>fileRef</key>
			<string>FBA258CF19389A0B007B05DE</string>
			<key>isa</key>
			<string>PBXBuildFile</string>
		</dict>
		<key>FBA258D119389A0E007B05DE</key>
		<dict>
			<key>children</key>
			<array>
				<string>FBB001F91944A9A200974AB4</string>
				<string>FBA258CB193899FB007B05DE</string>
				<string>FBA258CC193899FB007B05DE</string>
				<string>FBA258CE19389A0B007B05DE</string>
				<string>FBA258CF19389A0B007B05DE</string>
				<string>FB2AE9A21938B1020038D4EE</string>
				<string>FB2AE9A31938B1020038D4EE</string>
				<string>8B4DC82F194E14DF0013C6BD</string>
				<string>8B4DC830194E14DF0013C6BD</string>
			</array>
			<key>isa</key>
			<string>PBXGroup</string>
			<key>name</key>
			<string>RoutePresenter</string>
			<key>sourceTree</key>
			<string>&lt;group&gt;</string>
		</dict>
		<key>FBB001F519449E8D00974AB4</key>
		<dict>
			<key>fileEncoding</key>
			<string>4</string>
			<key>isa</key>
			<string>PBXFileReference</string>
			<key>lastKnownFileType</key>
			<string>file.xib</string>
			<key>path</key>
			<string>PTRouteSummaryCell_GreenGray.xib</string>
			<key>sourceTree</key>
			<string>&lt;group&gt;</string>
		</dict>
		<key>FBB001F619449E8D00974AB4</key>
		<dict>
			<key>fileRef</key>
			<string>FBB001F519449E8D00974AB4</string>
			<key>isa</key>
			<string>PBXBuildFile</string>
		</dict>
		<key>FBB001F71944A44400974AB4</key>
		<dict>
			<key>fileEncoding</key>
			<string>4</string>
			<key>isa</key>
			<string>PBXFileReference</string>
			<key>lastKnownFileType</key>
			<string>file.xib</string>
			<key>path</key>
			<string>RoutePresenterCell_top.xib</string>
			<key>sourceTree</key>
			<string>&lt;group&gt;</string>
		</dict>
		<key>FBB001F81944A44400974AB4</key>
		<dict>
			<key>fileRef</key>
			<string>FBB001F71944A44400974AB4</string>
			<key>isa</key>
			<string>PBXBuildFile</string>
		</dict>
		<key>FBB001F91944A9A200974AB4</key>
		<dict>
			<key>children</key>
			<array>
				<string>8BBF036019604F5900D970C4</string>
				<string>8BBF036119604F5900D970C4</string>
				<string>8BBF035E1960462800D970C4</string>
				<string>3F731F54194CD18D00C79812</string>
				<string>3F4CAB68195F51C0002BC4BE</string>
				<string>3F731F55194CD18D00C79812</string>
				<string>FBB001F71944A44400974AB4</string>
				<string>FBB001FA1944AA4A00974AB4</string>
				<string>FBB001FC1944ABCB00974AB4</string>
			</array>
			<key>isa</key>
			<string>PBXGroup</string>
			<key>name</key>
			<string>RoutePresenterCell</string>
			<key>sourceTree</key>
			<string>&lt;group&gt;</string>
		</dict>
		<key>FBB001FA1944AA4A00974AB4</key>
		<dict>
			<key>fileEncoding</key>
			<string>4</string>
			<key>isa</key>
			<string>PBXFileReference</string>
			<key>lastKnownFileType</key>
			<string>file.xib</string>
			<key>path</key>
			<string>RoutePresenterCell_middle.xib</string>
			<key>sourceTree</key>
			<string>&lt;group&gt;</string>
		</dict>
		<key>FBB001FB1944AA4A00974AB4</key>
		<dict>
			<key>fileRef</key>
			<string>FBB001FA1944AA4A00974AB4</string>
			<key>isa</key>
			<string>PBXBuildFile</string>
		</dict>
		<key>FBB001FC1944ABCB00974AB4</key>
		<dict>
			<key>fileEncoding</key>
			<string>4</string>
			<key>isa</key>
			<string>PBXFileReference</string>
			<key>lastKnownFileType</key>
			<string>file.xib</string>
			<key>path</key>
			<string>RoutePresenterCell_bottom.xib</string>
			<key>sourceTree</key>
			<string>&lt;group&gt;</string>
		</dict>
		<key>FBB001FD1944ABCB00974AB4</key>
		<dict>
			<key>fileRef</key>
			<string>FBB001FC1944ABCB00974AB4</string>
			<key>isa</key>
			<string>PBXBuildFile</string>
		</dict>
		<key>FBB15CC81943D9D800B4AD81</key>
		<dict>
			<key>fileEncoding</key>
			<string>4</string>
			<key>isa</key>
			<string>PBXFileReference</string>
			<key>lastKnownFileType</key>
			<string>sourcecode.c.h</string>
			<key>path</key>
			<string>PTRoutePickerViewController.h</string>
			<key>sourceTree</key>
			<string>&lt;group&gt;</string>
		</dict>
		<key>FBB15CC91943D9D800B4AD81</key>
		<dict>
			<key>fileEncoding</key>
			<string>4</string>
			<key>isa</key>
			<string>PBXFileReference</string>
			<key>lastKnownFileType</key>
			<string>sourcecode.c.objc</string>
			<key>path</key>
			<string>PTRoutePickerViewController.m</string>
			<key>sourceTree</key>
			<string>&lt;group&gt;</string>
		</dict>
		<key>FBB15CCA1943D9D800B4AD81</key>
		<dict>
			<key>fileRef</key>
			<string>FBB15CC91943D9D800B4AD81</string>
			<key>isa</key>
			<string>PBXBuildFile</string>
		</dict>
		<key>FBB54462193B8B9B00F72979</key>
		<dict>
			<key>fileEncoding</key>
			<string>4</string>
			<key>isa</key>
			<string>PBXFileReference</string>
			<key>lastKnownFileType</key>
			<string>sourcecode.c.objc</string>
			<key>path</key>
			<string>PTRouteFilterTests.m</string>
			<key>sourceTree</key>
			<string>&lt;group&gt;</string>
		</dict>
		<key>FBB54463193B8B9B00F72979</key>
		<dict>
			<key>fileRef</key>
			<string>FBB54462193B8B9B00F72979</string>
			<key>isa</key>
			<string>PBXBuildFile</string>
		</dict>
		<key>FBB5EB3818E738E6007921A3</key>
		<dict>
			<key>fileEncoding</key>
			<string>4</string>
			<key>isa</key>
			<string>PBXFileReference</string>
			<key>lastKnownFileType</key>
			<string>sourcecode.c.h</string>
			<key>path</key>
			<string>PTBus.h</string>
			<key>sourceTree</key>
			<string>&lt;group&gt;</string>
		</dict>
		<key>FBB5EB3918E738E6007921A3</key>
		<dict>
			<key>fileEncoding</key>
			<string>4</string>
			<key>isa</key>
			<string>PBXFileReference</string>
			<key>lastKnownFileType</key>
			<string>sourcecode.c.objc</string>
			<key>path</key>
			<string>PTBus.m</string>
			<key>sourceTree</key>
			<string>&lt;group&gt;</string>
		</dict>
		<key>FBB5EB3A18E738E6007921A3</key>
		<dict>
			<key>fileRef</key>
			<string>FBB5EB3918E738E6007921A3</string>
			<key>isa</key>
			<string>PBXBuildFile</string>
		</dict>
		<key>FBB5EB3B18E739BD007921A3</key>
		<dict>
			<key>fileEncoding</key>
			<string>4</string>
			<key>isa</key>
			<string>PBXFileReference</string>
			<key>lastKnownFileType</key>
			<string>sourcecode.c.h</string>
			<key>path</key>
			<string>PTBusMapOverlay.h</string>
			<key>sourceTree</key>
			<string>&lt;group&gt;</string>
		</dict>
		<key>FBB5EB3C18E739BD007921A3</key>
		<dict>
			<key>fileEncoding</key>
			<string>4</string>
			<key>isa</key>
			<string>PBXFileReference</string>
			<key>lastKnownFileType</key>
			<string>sourcecode.c.objc</string>
			<key>path</key>
			<string>PTBusMapOverlay.m</string>
			<key>sourceTree</key>
			<string>&lt;group&gt;</string>
		</dict>
		<key>FBB5EB3D18E739BD007921A3</key>
		<dict>
			<key>fileRef</key>
			<string>FBB5EB3C18E739BD007921A3</string>
			<key>isa</key>
			<string>PBXBuildFile</string>
		</dict>
		<key>FBC773A818DE1D7600621261</key>
		<dict>
			<key>fileEncoding</key>
			<string>4</string>
			<key>isa</key>
			<string>PBXFileReference</string>
			<key>lastKnownFileType</key>
			<string>sourcecode.c.h</string>
			<key>path</key>
			<string>PTStop+MKAnnotation.h</string>
			<key>sourceTree</key>
			<string>&lt;group&gt;</string>
		</dict>
		<key>FBC773A918DE1D7600621261</key>
		<dict>
			<key>fileEncoding</key>
			<string>4</string>
			<key>isa</key>
			<string>PBXFileReference</string>
			<key>lastKnownFileType</key>
			<string>sourcecode.c.objc</string>
			<key>path</key>
			<string>PTStop+MKAnnotation.m</string>
			<key>sourceTree</key>
			<string>&lt;group&gt;</string>
		</dict>
		<key>FBC773AA18DE1D7600621261</key>
		<dict>
			<key>fileRef</key>
			<string>FBC773A918DE1D7600621261</string>
			<key>isa</key>
			<string>PBXBuildFile</string>
		</dict>
		<key>FBC7AA6818F1E0630045A27B</key>
		<dict>
			<key>fileEncoding</key>
			<string>4</string>
			<key>isa</key>
			<string>PBXFileReference</string>
			<key>lastKnownFileType</key>
			<string>sourcecode.c.h</string>
			<key>path</key>
			<string>PTStore.h</string>
			<key>sourceTree</key>
			<string>&lt;group&gt;</string>
		</dict>
		<key>FBC7AA6918F1E0630045A27B</key>
		<dict>
			<key>fileEncoding</key>
			<string>4</string>
			<key>isa</key>
			<string>PBXFileReference</string>
			<key>lastKnownFileType</key>
			<string>sourcecode.c.objc</string>
			<key>path</key>
			<string>PTStore.m</string>
			<key>sourceTree</key>
			<string>&lt;group&gt;</string>
		</dict>
		<key>FBC7AA6A18F1E0630045A27B</key>
		<dict>
			<key>fileRef</key>
			<string>FBC7AA6918F1E0630045A27B</string>
			<key>isa</key>
			<string>PBXBuildFile</string>
		</dict>
		<key>FBD7894318E74E580077F68A</key>
		<dict>
			<key>fileEncoding</key>
			<string>4</string>
			<key>isa</key>
			<string>PBXFileReference</string>
			<key>lastKnownFileType</key>
			<string>sourcecode.c.h</string>
			<key>path</key>
			<string>MTADataModels.h</string>
			<key>sourceTree</key>
			<string>&lt;group&gt;</string>
		</dict>
		<key>FBD7894418E74E580077F68A</key>
		<dict>
			<key>fileEncoding</key>
			<string>4</string>
			<key>isa</key>
			<string>PBXFileReference</string>
			<key>lastKnownFileType</key>
			<string>sourcecode.c.objc</string>
			<key>path</key>
			<string>MTADataModels.m</string>
			<key>sourceTree</key>
			<string>&lt;group&gt;</string>
		</dict>
		<key>FBD7894518E74E580077F68A</key>
		<dict>
			<key>fileRef</key>
			<string>FBD7894418E74E580077F68A</string>
			<key>isa</key>
			<string>PBXBuildFile</string>
		</dict>
		<key>FBD8B66119360DDE00E43725</key>
		<dict>
			<key>fileEncoding</key>
			<string>4</string>
			<key>isa</key>
			<string>PBXFileReference</string>
			<key>lastKnownFileType</key>
			<string>sourcecode.c.h</string>
			<key>path</key>
			<string>PTRouteFilter.h</string>
			<key>sourceTree</key>
			<string>&lt;group&gt;</string>
		</dict>
		<key>FBD8B66219360DDE00E43725</key>
		<dict>
			<key>fileEncoding</key>
			<string>4</string>
			<key>isa</key>
			<string>PBXFileReference</string>
			<key>lastKnownFileType</key>
			<string>sourcecode.c.objc</string>
			<key>path</key>
			<string>PTRouteFilter.m</string>
			<key>sourceTree</key>
			<string>&lt;group&gt;</string>
		</dict>
		<key>FBD8B66319360DDE00E43725</key>
		<dict>
			<key>fileRef</key>
			<string>FBD8B66219360DDE00E43725</string>
			<key>isa</key>
			<string>PBXBuildFile</string>
		</dict>
		<key>FBD8B66419375BCF00E43725</key>
		<dict>
			<key>children</key>
			<array>
				<string>FB129CCE18F10D29009AAEA7</string>
				<string>FB129CCF18F10D29009AAEA7</string>
			</array>
			<key>isa</key>
			<string>PBXGroup</string>
			<key>name</key>
			<string>DEPRECATED</string>
			<key>sourceTree</key>
			<string>&lt;group&gt;</string>
		</dict>
		<key>FBDBB9A2193BC744008374A2</key>
		<dict>
			<key>children</key>
			<array>
				<string>FBD7894318E74E580077F68A</string>
				<string>FBD7894418E74E580077F68A</string>
				<string>FB3D48DF18EFB26200302031</string>
				<string>FB3D48E018EFB26200302031</string>
			</array>
			<key>isa</key>
			<string>PBXGroup</string>
			<key>name</key>
			<string>Machine</string>
			<key>sourceTree</key>
			<string>&lt;group&gt;</string>
		</dict>
		<key>FBDBB9A3193BDABE008374A2</key>
		<dict>
			<key>fileEncoding</key>
			<string>4</string>
			<key>isa</key>
			<string>PBXFileReference</string>
			<key>lastKnownFileType</key>
			<string>sourcecode.c.h</string>
			<key>path</key>
			<string>PTRouteProtocol.h</string>
			<key>sourceTree</key>
			<string>&lt;group&gt;</string>
		</dict>
		<key>FBDBB9A4193BDAC4008374A2</key>
		<dict>
			<key>children</key>
			<array>
				<string>FBDBB9A3193BDABE008374A2</string>
				<string>FBDBB9A6193BDBFF008374A2</string>
				<string>FBDBB9A5193BDB7A008374A2</string>
			</array>
			<key>isa</key>
			<string>PBXGroup</string>
			<key>name</key>
			<string>Protocols</string>
			<key>sourceTree</key>
			<string>&lt;group&gt;</string>
		</dict>
		<key>FBDBB9A5193BDB7A008374A2</key>
		<dict>
			<key>fileEncoding</key>
			<string>4</string>
			<key>isa</key>
			<string>PBXFileReference</string>
			<key>lastKnownFileType</key>
			<string>sourcecode.c.h</string>
			<key>path</key>
			<string>PTStopProtocol.h</string>
			<key>sourceTree</key>
			<string>&lt;group&gt;</string>
		</dict>
		<key>FBDBB9A6193BDBFF008374A2</key>
		<dict>
			<key>fileEncoding</key>
			<string>4</string>
			<key>isa</key>
			<string>PBXFileReference</string>
			<key>lastKnownFileType</key>
			<string>sourcecode.c.h</string>
			<key>path</key>
			<string>PTMonitoredVehicleJourneyProtocol.h</string>
			<key>sourceTree</key>
			<string>&lt;group&gt;</string>
		</dict>
		<key>FBE61DF719434F9B00CAE3F7</key>
		<dict>
			<key>fileEncoding</key>
			<string>4</string>
			<key>isa</key>
			<string>PBXFileReference</string>
			<key>lastKnownFileType</key>
			<string>file.storyboard</string>
			<key>path</key>
			<string>MainStoryboard.storyboard</string>
			<key>sourceTree</key>
			<string>&lt;group&gt;</string>
		</dict>
		<key>FBE61DF819434F9B00CAE3F7</key>
		<dict>
			<key>fileRef</key>
			<string>FBE61DF719434F9B00CAE3F7</string>
			<key>isa</key>
			<string>PBXBuildFile</string>
		</dict>
		<key>FBE61DF91943529B00CAE3F7</key>
		<dict>
			<key>fileEncoding</key>
			<string>4</string>
			<key>isa</key>
			<string>PBXFileReference</string>
			<key>lastKnownFileType</key>
			<string>sourcecode.c.h</string>
			<key>path</key>
			<string>PTRouteDashboardViewController.h</string>
			<key>sourceTree</key>
			<string>&lt;group&gt;</string>
		</dict>
		<key>FBE61DFA1943529B00CAE3F7</key>
		<dict>
			<key>fileEncoding</key>
			<string>4</string>
			<key>isa</key>
			<string>PBXFileReference</string>
			<key>lastKnownFileType</key>
			<string>sourcecode.c.objc</string>
			<key>path</key>
			<string>PTRouteDashboardViewController.m</string>
			<key>sourceTree</key>
			<string>&lt;group&gt;</string>
		</dict>
		<key>FBE61DFB1943529B00CAE3F7</key>
		<dict>
			<key>fileRef</key>
			<string>FBE61DFA1943529B00CAE3F7</string>
			<key>isa</key>
			<string>PBXBuildFile</string>
		</dict>
		<key>FBFF62ED18E876D1008D94F9</key>
		<dict>
			<key>isa</key>
			<string>PBXFileReference</string>
			<key>lastKnownFileType</key>
			<string>sourcecode.c.h</string>
			<key>path</key>
			<string>PTMacro.h</string>
			<key>sourceTree</key>
			<string>&lt;group&gt;</string>
		</dict>
	</dict>
	<key>rootObject</key>
	<string>FB517C2C18DDDF43005C7881</string>
</dict>
</plist>
