// !$*UTF8*$!
{
	archiveVersion = 1;
	classes = {
	};
	objectVersion = 46;
	objects = {

/* Begin PBXBuildFile section */
		FB01A5DE18E76226001C793F /* PTMonitoredVehicleJourney.m in Sources */ = {isa = PBXBuildFile; fileRef = FB01A5DD18E76226001C793F /* PTMonitoredVehicleJourney.m */; };
		FB01A5E118E76427001C793F /* MTADataModelAdaptors.m in Sources */ = {isa = PBXBuildFile; fileRef = FB01A5E018E76427001C793F /* MTADataModelAdaptors.m */; };
		FB3D48D818EFA8E500302031 /* PTRouteMonitoringRequest.m in Sources */ = {isa = PBXBuildFile; fileRef = FB3D48D718EFA8E500302031 /* PTRouteMonitoringRequest.m */; };
		FB3D48DB18EFADB400302031 /* PTStopsForRouteRequest.m in Sources */ = {isa = PBXBuildFile; fileRef = FB3D48DA18EFADB400302031 /* PTStopsForRouteRequest.m */; };
		FB3D48DE18EFAE5A00302031 /* PTStopsForRouteDownloader.m in Sources */ = {isa = PBXBuildFile; fileRef = FB3D48DD18EFAE5A00302031 /* PTStopsForRouteDownloader.m */; };
		FB3D48E118EFB26200302031 /* OBADataModel.m in Sources */ = {isa = PBXBuildFile; fileRef = FB3D48E018EFB26200302031 /* OBADataModel.m */; };
		FB3D48E418EFB47700302031 /* PTRouteDetailTableViewController.m in Sources */ = {isa = PBXBuildFile; fileRef = FB3D48E318EFB47700302031 /* PTRouteDetailTableViewController.m */; };
		FB517C3818DDDF43005C7881 /* Foundation.framework in Frameworks */ = {isa = PBXBuildFile; fileRef = FB517C3718DDDF43005C7881 /* Foundation.framework */; };
		FB517C3A18DDDF43005C7881 /* CoreGraphics.framework in Frameworks */ = {isa = PBXBuildFile; fileRef = FB517C3918DDDF43005C7881 /* CoreGraphics.framework */; };
		FB517C3C18DDDF43005C7881 /* UIKit.framework in Frameworks */ = {isa = PBXBuildFile; fileRef = FB517C3B18DDDF43005C7881 /* UIKit.framework */; };
		FB517C4218DDDF43005C7881 /* InfoPlist.strings in Resources */ = {isa = PBXBuildFile; fileRef = FB517C4018DDDF43005C7881 /* InfoPlist.strings */; };
		FB517C4418DDDF43005C7881 /* main.m in Sources */ = {isa = PBXBuildFile; fileRef = FB517C4318DDDF43005C7881 /* main.m */; };
		FB517C4818DDDF43005C7881 /* PTAppDelegate.m in Sources */ = {isa = PBXBuildFile; fileRef = FB517C4718DDDF43005C7881 /* PTAppDelegate.m */; };
		FB517C4E18DDDF43005C7881 /* PTLinePickerViewController.m in Sources */ = {isa = PBXBuildFile; fileRef = FB517C4D18DDDF43005C7881 /* PTLinePickerViewController.m */; };
		FB517C5018DDDF43005C7881 /* Images.xcassets in Resources */ = {isa = PBXBuildFile; fileRef = FB517C4F18DDDF43005C7881 /* Images.xcassets */; };
		FB517C5718DDDF43005C7881 /* XCTest.framework in Frameworks */ = {isa = PBXBuildFile; fileRef = FB517C5618DDDF43005C7881 /* XCTest.framework */; };
		FB517C5818DDDF43005C7881 /* Foundation.framework in Frameworks */ = {isa = PBXBuildFile; fileRef = FB517C3718DDDF43005C7881 /* Foundation.framework */; };
		FB517C5918DDDF43005C7881 /* UIKit.framework in Frameworks */ = {isa = PBXBuildFile; fileRef = FB517C3B18DDDF43005C7881 /* UIKit.framework */; };
		FB517C6118DDDF43005C7881 /* InfoPlist.strings in Resources */ = {isa = PBXBuildFile; fileRef = FB517C5F18DDDF43005C7881 /* InfoPlist.strings */; };
		FB517C6318DDDF43005C7881 /* Bus_GogogoTests.m in Sources */ = {isa = PBXBuildFile; fileRef = FB517C6218DDDF43005C7881 /* Bus_GogogoTests.m */; };
		FB517C6F18DDE30F005C7881 /* PTLine.m in Sources */ = {isa = PBXBuildFile; fileRef = FB517C6E18DDE30F005C7881 /* PTLine.m */; };
		FB517C7218DDE4F4005C7881 /* PTStop.m in Sources */ = {isa = PBXBuildFile; fileRef = FB517C7118DDE4F4005C7881 /* PTStop.m */; };
		FB517C7C18DDE8C3005C7881 /* PTLinePickerDataSource.m in Sources */ = {isa = PBXBuildFile; fileRef = FB517C7B18DDE8C3005C7881 /* PTLinePickerDataSource.m */; };
		FB517C7F18DDF0F4005C7881 /* PTLinePickerTableViewCell.m in Sources */ = {isa = PBXBuildFile; fileRef = FB517C7E18DDF0F4005C7881 /* PTLinePickerTableViewCell.m */; };
		FB7915CF18DF94D000EA0A2A /* PTStopDetailDownloader.m in Sources */ = {isa = PBXBuildFile; fileRef = FB7915CE18DF94D000EA0A2A /* PTStopDetailDownloader.m */; };
		FB9E199B18E8C951008BDDF5 /* PTStopDetailTableViewCell.xib in Resources */ = {isa = PBXBuildFile; fileRef = FB9E199A18E8C951008BDDF5 /* PTStopDetailTableViewCell.xib */; };
		FBB5EB3A18E738E6007921A3 /* PTBus.m in Sources */ = {isa = PBXBuildFile; fileRef = FBB5EB3918E738E6007921A3 /* PTBus.m */; };
		FBB5EB3D18E739BD007921A3 /* PTBusMapOverlay.m in Sources */ = {isa = PBXBuildFile; fileRef = FBB5EB3C18E739BD007921A3 /* PTBusMapOverlay.m */; };
		FBC773A318DE192900621261 /* PTStopDetailViewController.m in Sources */ = {isa = PBXBuildFile; fileRef = FBC773A218DE192900621261 /* PTStopDetailViewController.m */; };
		FBC773A718DE19F500621261 /* PTStopDetailView.m in Sources */ = {isa = PBXBuildFile; fileRef = FBC773A618DE19F500621261 /* PTStopDetailView.m */; };
		FBC773AA18DE1D7600621261 /* PTStop+MKAnnotation.m in Sources */ = {isa = PBXBuildFile; fileRef = FBC773A918DE1D7600621261 /* PTStop+MKAnnotation.m */; };
		FBD7894518E74E580077F68A /* MTADataModels.m in Sources */ = {isa = PBXBuildFile; fileRef = FBD7894418E74E580077F68A /* MTADataModels.m */; };
		FBE4FD8118DF8752001DA86F /* PTStopMonitoringRequest.m in Sources */ = {isa = PBXBuildFile; fileRef = FBE4FD8018DF8752001DA86F /* PTStopMonitoringRequest.m */; };
		FBFF62E218E86645008D94F9 /* PTStopDetailViewController.xib in Resources */ = {isa = PBXBuildFile; fileRef = FBFF62E118E86645008D94F9 /* PTStopDetailViewController.xib */; };
		FBFF62E518E86B4E008D94F9 /* PTStopDetailTableViewCell.m in Sources */ = {isa = PBXBuildFile; fileRef = FBFF62E418E86B4E008D94F9 /* PTStopDetailTableViewCell.m */; };
		FBFF62E818E86BD9008D94F9 /* PTStopDetailDataSource.m in Sources */ = {isa = PBXBuildFile; fileRef = FBFF62E718E86BD9008D94F9 /* PTStopDetailDataSource.m */; };
/* End PBXBuildFile section */

/* Begin PBXContainerItemProxy section */
		FB517C5A18DDDF43005C7881 /* PBXContainerItemProxy */ = {
			isa = PBXContainerItemProxy;
			containerPortal = FB517C2C18DDDF43005C7881 /* Project object */;
			proxyType = 1;
			remoteGlobalIDString = FB517C3318DDDF43005C7881;
			remoteInfo = "Bus-Gogogo";
		};
/* End PBXContainerItemProxy section */

/* Begin PBXFileReference section */
		FB01A5DC18E76226001C793F /* PTMonitoredVehicleJourney.h */ = {isa = PBXFileReference; fileEncoding = 4; lastKnownFileType = sourcecode.c.h; path = PTMonitoredVehicleJourney.h; sourceTree = "<group>"; };
		FB01A5DD18E76226001C793F /* PTMonitoredVehicleJourney.m */ = {isa = PBXFileReference; fileEncoding = 4; lastKnownFileType = sourcecode.c.objc; path = PTMonitoredVehicleJourney.m; sourceTree = "<group>"; };
		FB01A5DF18E76427001C793F /* MTADataModelAdaptors.h */ = {isa = PBXFileReference; fileEncoding = 4; lastKnownFileType = sourcecode.c.h; path = MTADataModelAdaptors.h; sourceTree = "<group>"; };
		FB01A5E018E76427001C793F /* MTADataModelAdaptors.m */ = {isa = PBXFileReference; fileEncoding = 4; lastKnownFileType = sourcecode.c.objc; path = MTADataModelAdaptors.m; sourceTree = "<group>"; };
		FB3D48D618EFA8E500302031 /* PTRouteMonitoringRequest.h */ = {isa = PBXFileReference; fileEncoding = 4; lastKnownFileType = sourcecode.c.h; path = PTRouteMonitoringRequest.h; sourceTree = "<group>"; };
		FB3D48D718EFA8E500302031 /* PTRouteMonitoringRequest.m */ = {isa = PBXFileReference; fileEncoding = 4; lastKnownFileType = sourcecode.c.objc; path = PTRouteMonitoringRequest.m; sourceTree = "<group>"; };
		FB3D48D918EFADB400302031 /* PTStopsForRouteRequest.h */ = {isa = PBXFileReference; fileEncoding = 4; lastKnownFileType = sourcecode.c.h; path = PTStopsForRouteRequest.h; sourceTree = "<group>"; };
		FB3D48DA18EFADB400302031 /* PTStopsForRouteRequest.m */ = {isa = PBXFileReference; fileEncoding = 4; lastKnownFileType = sourcecode.c.objc; path = PTStopsForRouteRequest.m; sourceTree = "<group>"; };
		FB3D48DC18EFAE5A00302031 /* PTStopsForRouteDownloader.h */ = {isa = PBXFileReference; fileEncoding = 4; lastKnownFileType = sourcecode.c.h; path = PTStopsForRouteDownloader.h; sourceTree = "<group>"; };
		FB3D48DD18EFAE5A00302031 /* PTStopsForRouteDownloader.m */ = {isa = PBXFileReference; fileEncoding = 4; lastKnownFileType = sourcecode.c.objc; path = PTStopsForRouteDownloader.m; sourceTree = "<group>"; };
		FB3D48DF18EFB26200302031 /* OBADataModel.h */ = {isa = PBXFileReference; fileEncoding = 4; lastKnownFileType = sourcecode.c.h; path = OBADataModel.h; sourceTree = "<group>"; };
		FB3D48E018EFB26200302031 /* OBADataModel.m */ = {isa = PBXFileReference; fileEncoding = 4; lastKnownFileType = sourcecode.c.objc; path = OBADataModel.m; sourceTree = "<group>"; };
		FB3D48E218EFB47700302031 /* PTRouteDetailTableViewController.h */ = {isa = PBXFileReference; fileEncoding = 4; lastKnownFileType = sourcecode.c.h; path = PTRouteDetailTableViewController.h; sourceTree = "<group>"; };
		FB3D48E318EFB47700302031 /* PTRouteDetailTableViewController.m */ = {isa = PBXFileReference; fileEncoding = 4; lastKnownFileType = sourcecode.c.objc; path = PTRouteDetailTableViewController.m; sourceTree = "<group>"; };
		FB517C3418DDDF43005C7881 /* Bus-Gogogo.app */ = {isa = PBXFileReference; explicitFileType = wrapper.application; includeInIndex = 0; path = "Bus-Gogogo.app"; sourceTree = BUILT_PRODUCTS_DIR; };
		FB517C3718DDDF43005C7881 /* Foundation.framework */ = {isa = PBXFileReference; lastKnownFileType = wrapper.framework; name = Foundation.framework; path = System/Library/Frameworks/Foundation.framework; sourceTree = SDKROOT; };
		FB517C3918DDDF43005C7881 /* CoreGraphics.framework */ = {isa = PBXFileReference; lastKnownFileType = wrapper.framework; name = CoreGraphics.framework; path = System/Library/Frameworks/CoreGraphics.framework; sourceTree = SDKROOT; };
		FB517C3B18DDDF43005C7881 /* UIKit.framework */ = {isa = PBXFileReference; lastKnownFileType = wrapper.framework; name = UIKit.framework; path = System/Library/Frameworks/UIKit.framework; sourceTree = SDKROOT; };
		FB517C3F18DDDF43005C7881 /* Bus-Gogogo-Info.plist */ = {isa = PBXFileReference; lastKnownFileType = text.plist.xml; path = "Bus-Gogogo-Info.plist"; sourceTree = "<group>"; };
		FB517C4118DDDF43005C7881 /* en */ = {isa = PBXFileReference; lastKnownFileType = text.plist.strings; name = en; path = en.lproj/InfoPlist.strings; sourceTree = "<group>"; };
		FB517C4318DDDF43005C7881 /* main.m */ = {isa = PBXFileReference; lastKnownFileType = sourcecode.c.objc; path = main.m; sourceTree = "<group>"; };
		FB517C4518DDDF43005C7881 /* Bus-Gogogo-Prefix.pch */ = {isa = PBXFileReference; lastKnownFileType = sourcecode.c.h; path = "Bus-Gogogo-Prefix.pch"; sourceTree = "<group>"; };
		FB517C4618DDDF43005C7881 /* PTAppDelegate.h */ = {isa = PBXFileReference; lastKnownFileType = sourcecode.c.h; path = PTAppDelegate.h; sourceTree = "<group>"; };
		FB517C4718DDDF43005C7881 /* PTAppDelegate.m */ = {isa = PBXFileReference; lastKnownFileType = sourcecode.c.objc; path = PTAppDelegate.m; sourceTree = "<group>"; };
		FB517C4C18DDDF43005C7881 /* PTLinePickerViewController.h */ = {isa = PBXFileReference; lastKnownFileType = sourcecode.c.h; path = PTLinePickerViewController.h; sourceTree = "<group>"; };
		FB517C4D18DDDF43005C7881 /* PTLinePickerViewController.m */ = {isa = PBXFileReference; lastKnownFileType = sourcecode.c.objc; path = PTLinePickerViewController.m; sourceTree = "<group>"; };
		FB517C4F18DDDF43005C7881 /* Images.xcassets */ = {isa = PBXFileReference; lastKnownFileType = folder.assetcatalog; path = Images.xcassets; sourceTree = "<group>"; };
		FB517C5518DDDF43005C7881 /* Bus-GogogoTests.xctest */ = {isa = PBXFileReference; explicitFileType = wrapper.cfbundle; includeInIndex = 0; path = "Bus-GogogoTests.xctest"; sourceTree = BUILT_PRODUCTS_DIR; };
		FB517C5618DDDF43005C7881 /* XCTest.framework */ = {isa = PBXFileReference; lastKnownFileType = wrapper.framework; name = XCTest.framework; path = Library/Frameworks/XCTest.framework; sourceTree = DEVELOPER_DIR; };
		FB517C5E18DDDF43005C7881 /* Bus-GogogoTests-Info.plist */ = {isa = PBXFileReference; lastKnownFileType = text.plist.xml; path = "Bus-GogogoTests-Info.plist"; sourceTree = "<group>"; };
		FB517C6018DDDF43005C7881 /* en */ = {isa = PBXFileReference; lastKnownFileType = text.plist.strings; name = en; path = en.lproj/InfoPlist.strings; sourceTree = "<group>"; };
		FB517C6218DDDF43005C7881 /* Bus_GogogoTests.m */ = {isa = PBXFileReference; lastKnownFileType = sourcecode.c.objc; path = Bus_GogogoTests.m; sourceTree = "<group>"; };
		FB517C6D18DDE30F005C7881 /* PTLine.h */ = {isa = PBXFileReference; fileEncoding = 4; lastKnownFileType = sourcecode.c.h; path = PTLine.h; sourceTree = "<group>"; };
		FB517C6E18DDE30F005C7881 /* PTLine.m */ = {isa = PBXFileReference; fileEncoding = 4; lastKnownFileType = sourcecode.c.objc; path = PTLine.m; sourceTree = "<group>"; };
		FB517C7018DDE4F4005C7881 /* PTStop.h */ = {isa = PBXFileReference; fileEncoding = 4; lastKnownFileType = sourcecode.c.h; path = PTStop.h; sourceTree = "<group>"; };
		FB517C7118DDE4F4005C7881 /* PTStop.m */ = {isa = PBXFileReference; fileEncoding = 4; lastKnownFileType = sourcecode.c.objc; path = PTStop.m; sourceTree = "<group>"; };
		FB517C7A18DDE8C3005C7881 /* PTLinePickerDataSource.h */ = {isa = PBXFileReference; fileEncoding = 4; lastKnownFileType = sourcecode.c.h; path = PTLinePickerDataSource.h; sourceTree = "<group>"; };
		FB517C7B18DDE8C3005C7881 /* PTLinePickerDataSource.m */ = {isa = PBXFileReference; fileEncoding = 4; lastKnownFileType = sourcecode.c.objc; path = PTLinePickerDataSource.m; sourceTree = "<group>"; };
		FB517C7D18DDF0F4005C7881 /* PTLinePickerTableViewCell.h */ = {isa = PBXFileReference; fileEncoding = 4; lastKnownFileType = sourcecode.c.h; path = PTLinePickerTableViewCell.h; sourceTree = "<group>"; };
		FB517C7E18DDF0F4005C7881 /* PTLinePickerTableViewCell.m */ = {isa = PBXFileReference; fileEncoding = 4; lastKnownFileType = sourcecode.c.objc; path = PTLinePickerTableViewCell.m; sourceTree = "<group>"; };
		FB7915CD18DF94D000EA0A2A /* PTStopDetailDownloader.h */ = {isa = PBXFileReference; fileEncoding = 4; lastKnownFileType = sourcecode.c.h; path = PTStopDetailDownloader.h; sourceTree = "<group>"; };
		FB7915CE18DF94D000EA0A2A /* PTStopDetailDownloader.m */ = {isa = PBXFileReference; fileEncoding = 4; lastKnownFileType = sourcecode.c.objc; path = PTStopDetailDownloader.m; sourceTree = "<group>"; };
		FB9E199A18E8C951008BDDF5 /* PTStopDetailTableViewCell.xib */ = {isa = PBXFileReference; fileEncoding = 4; lastKnownFileType = file.xib; path = PTStopDetailTableViewCell.xib; sourceTree = "<group>"; };
		FBB5EB3818E738E6007921A3 /* PTBus.h */ = {isa = PBXFileReference; fileEncoding = 4; lastKnownFileType = sourcecode.c.h; path = PTBus.h; sourceTree = "<group>"; };
		FBB5EB3918E738E6007921A3 /* PTBus.m */ = {isa = PBXFileReference; fileEncoding = 4; lastKnownFileType = sourcecode.c.objc; path = PTBus.m; sourceTree = "<group>"; };
		FBB5EB3B18E739BD007921A3 /* PTBusMapOverlay.h */ = {isa = PBXFileReference; fileEncoding = 4; lastKnownFileType = sourcecode.c.h; path = PTBusMapOverlay.h; sourceTree = "<group>"; };
		FBB5EB3C18E739BD007921A3 /* PTBusMapOverlay.m */ = {isa = PBXFileReference; fileEncoding = 4; lastKnownFileType = sourcecode.c.objc; path = PTBusMapOverlay.m; sourceTree = "<group>"; };
		FBC773A118DE192900621261 /* PTStopDetailViewController.h */ = {isa = PBXFileReference; fileEncoding = 4; lastKnownFileType = sourcecode.c.h; path = PTStopDetailViewController.h; sourceTree = "<group>"; };
		FBC773A218DE192900621261 /* PTStopDetailViewController.m */ = {isa = PBXFileReference; fileEncoding = 4; lastKnownFileType = sourcecode.c.objc; path = PTStopDetailViewController.m; sourceTree = "<group>"; };
		FBC773A518DE19F500621261 /* PTStopDetailView.h */ = {isa = PBXFileReference; fileEncoding = 4; lastKnownFileType = sourcecode.c.h; path = PTStopDetailView.h; sourceTree = "<group>"; };
		FBC773A618DE19F500621261 /* PTStopDetailView.m */ = {isa = PBXFileReference; fileEncoding = 4; lastKnownFileType = sourcecode.c.objc; path = PTStopDetailView.m; sourceTree = "<group>"; };
		FBC773A818DE1D7600621261 /* PTStop+MKAnnotation.h */ = {isa = PBXFileReference; fileEncoding = 4; lastKnownFileType = sourcecode.c.h; path = "PTStop+MKAnnotation.h"; sourceTree = "<group>"; };
		FBC773A918DE1D7600621261 /* PTStop+MKAnnotation.m */ = {isa = PBXFileReference; fileEncoding = 4; lastKnownFileType = sourcecode.c.objc; path = "PTStop+MKAnnotation.m"; sourceTree = "<group>"; };
		FBD7894318E74E580077F68A /* MTADataModels.h */ = {isa = PBXFileReference; fileEncoding = 4; lastKnownFileType = sourcecode.c.h; path = MTADataModels.h; sourceTree = "<group>"; };
		FBD7894418E74E580077F68A /* MTADataModels.m */ = {isa = PBXFileReference; fileEncoding = 4; lastKnownFileType = sourcecode.c.objc; path = MTADataModels.m; sourceTree = "<group>"; };
		FBE4FD7F18DF8752001DA86F /* PTStopMonitoringRequest.h */ = {isa = PBXFileReference; fileEncoding = 4; lastKnownFileType = sourcecode.c.h; path = PTStopMonitoringRequest.h; sourceTree = "<group>"; };
		FBE4FD8018DF8752001DA86F /* PTStopMonitoringRequest.m */ = {isa = PBXFileReference; fileEncoding = 4; lastKnownFileType = sourcecode.c.objc; path = PTStopMonitoringRequest.m; sourceTree = "<group>"; };
		FBFF62E118E86645008D94F9 /* PTStopDetailViewController.xib */ = {isa = PBXFileReference; fileEncoding = 4; lastKnownFileType = file.xib; path = PTStopDetailViewController.xib; sourceTree = "<group>"; };
		FBFF62E318E86B4E008D94F9 /* PTStopDetailTableViewCell.h */ = {isa = PBXFileReference; fileEncoding = 4; lastKnownFileType = sourcecode.c.h; path = PTStopDetailTableViewCell.h; sourceTree = "<group>"; };
		FBFF62E418E86B4E008D94F9 /* PTStopDetailTableViewCell.m */ = {isa = PBXFileReference; fileEncoding = 4; lastKnownFileType = sourcecode.c.objc; path = PTStopDetailTableViewCell.m; sourceTree = "<group>"; };
		FBFF62E618E86BD9008D94F9 /* PTStopDetailDataSource.h */ = {isa = PBXFileReference; fileEncoding = 4; lastKnownFileType = sourcecode.c.h; path = PTStopDetailDataSource.h; sourceTree = "<group>"; };
		FBFF62E718E86BD9008D94F9 /* PTStopDetailDataSource.m */ = {isa = PBXFileReference; fileEncoding = 4; lastKnownFileType = sourcecode.c.objc; path = PTStopDetailDataSource.m; sourceTree = "<group>"; };
		FBFF62ED18E876D1008D94F9 /* PTMacro.h */ = {isa = PBXFileReference; lastKnownFileType = sourcecode.c.h; path = PTMacro.h; sourceTree = "<group>"; };
/* End PBXFileReference section */

/* Begin PBXFrameworksBuildPhase section */
		FB517C3118DDDF43005C7881 /* Frameworks */ = {
			isa = PBXFrameworksBuildPhase;
			buildActionMask = 2147483647;
			files = (
				FB517C3A18DDDF43005C7881 /* CoreGraphics.framework in Frameworks */,
				FB517C3C18DDDF43005C7881 /* UIKit.framework in Frameworks */,
				FB517C3818DDDF43005C7881 /* Foundation.framework in Frameworks */,
			);
			runOnlyForDeploymentPostprocessing = 0;
		};
		FB517C5218DDDF43005C7881 /* Frameworks */ = {
			isa = PBXFrameworksBuildPhase;
			buildActionMask = 2147483647;
			files = (
				FB517C5718DDDF43005C7881 /* XCTest.framework in Frameworks */,
				FB517C5918DDDF43005C7881 /* UIKit.framework in Frameworks */,
				FB517C5818DDDF43005C7881 /* Foundation.framework in Frameworks */,
			);
			runOnlyForDeploymentPostprocessing = 0;
		};
/* End PBXFrameworksBuildPhase section */

/* Begin PBXGroup section */
		FB3D48E518EFB47C00302031 /* RouteDetail */ = {
			isa = PBXGroup;
			children = (
				FB3D48E618EFB4A000302031 /* Network */,
				FB3D48E218EFB47700302031 /* PTRouteDetailTableViewController.h */,
				FB3D48E318EFB47700302031 /* PTRouteDetailTableViewController.m */,
			);
			name = RouteDetail;
			sourceTree = "<group>";
		};
		FB3D48E618EFB4A000302031 /* Network */ = {
			isa = PBXGroup;
			children = (
				FB3D48DC18EFAE5A00302031 /* PTStopsForRouteDownloader.h */,
				FB3D48DD18EFAE5A00302031 /* PTStopsForRouteDownloader.m */,
				FB3D48D918EFADB400302031 /* PTStopsForRouteRequest.h */,
				FB3D48DA18EFADB400302031 /* PTStopsForRouteRequest.m */,
			);
			name = Network;
			sourceTree = "<group>";
		};
		FB517C2B18DDDF43005C7881 = {
			isa = PBXGroup;
			children = (
				FB517C3D18DDDF43005C7881 /* Bus-Gogogo */,
				FB517C5C18DDDF43005C7881 /* Bus-GogogoTests */,
				FB517C3618DDDF43005C7881 /* Frameworks */,
				FB517C3518DDDF43005C7881 /* Products */,
			);
			sourceTree = "<group>";
		};
		FB517C3518DDDF43005C7881 /* Products */ = {
			isa = PBXGroup;
			children = (
				FB517C3418DDDF43005C7881 /* Bus-Gogogo.app */,
				FB517C5518DDDF43005C7881 /* Bus-GogogoTests.xctest */,
			);
			name = Products;
			sourceTree = "<group>";
		};
		FB517C3618DDDF43005C7881 /* Frameworks */ = {
			isa = PBXGroup;
			children = (
				FB517C3718DDDF43005C7881 /* Foundation.framework */,
				FB517C3918DDDF43005C7881 /* CoreGraphics.framework */,
				FB517C3B18DDDF43005C7881 /* UIKit.framework */,
				FB517C5618DDDF43005C7881 /* XCTest.framework */,
			);
			name = Frameworks;
			sourceTree = "<group>";
		};
		FB517C3D18DDDF43005C7881 /* Bus-Gogogo */ = {
			isa = PBXGroup;
			children = (
				FB517C7318DDE4FB005C7881 /* Model */,
				FBFF62ED18E876D1008D94F9 /* PTMacro.h */,
				FB517C4618DDDF43005C7881 /* PTAppDelegate.h */,
				FB517C4718DDDF43005C7881 /* PTAppDelegate.m */,
				FB3D48E518EFB47C00302031 /* RouteDetail */,
				FBC773A418DE193800621261 /* StopDetail */,
				FB517C6C18DDE2CA005C7881 /* LinePicker */,
				FB517C4F18DDDF43005C7881 /* Images.xcassets */,
				FB517C3E18DDDF43005C7881 /* Supporting Files */,
			);
			path = "Bus-Gogogo";
			sourceTree = "<group>";
		};
		FB517C3E18DDDF43005C7881 /* Supporting Files */ = {
			isa = PBXGroup;
			children = (
				FB517C3F18DDDF43005C7881 /* Bus-Gogogo-Info.plist */,
				FB517C4018DDDF43005C7881 /* InfoPlist.strings */,
				FB517C4318DDDF43005C7881 /* main.m */,
				FB517C4518DDDF43005C7881 /* Bus-Gogogo-Prefix.pch */,
			);
			name = "Supporting Files";
			sourceTree = "<group>";
		};
		FB517C5C18DDDF43005C7881 /* Bus-GogogoTests */ = {
			isa = PBXGroup;
			children = (
				FB517C6218DDDF43005C7881 /* Bus_GogogoTests.m */,
				FB517C5D18DDDF43005C7881 /* Supporting Files */,
			);
			path = "Bus-GogogoTests";
			sourceTree = "<group>";
		};
		FB517C5D18DDDF43005C7881 /* Supporting Files */ = {
			isa = PBXGroup;
			children = (
				FB517C5E18DDDF43005C7881 /* Bus-GogogoTests-Info.plist */,
				FB517C5F18DDDF43005C7881 /* InfoPlist.strings */,
			);
			name = "Supporting Files";
			sourceTree = "<group>";
		};
		FB517C6C18DDE2CA005C7881 /* LinePicker */ = {
			isa = PBXGroup;
			children = (
				FB517C4C18DDDF43005C7881 /* PTLinePickerViewController.h */,
				FB517C4D18DDDF43005C7881 /* PTLinePickerViewController.m */,
				FB517C7A18DDE8C3005C7881 /* PTLinePickerDataSource.h */,
				FB517C7B18DDE8C3005C7881 /* PTLinePickerDataSource.m */,
				FB517C7D18DDF0F4005C7881 /* PTLinePickerTableViewCell.h */,
				FB517C7E18DDF0F4005C7881 /* PTLinePickerTableViewCell.m */,
			);
			name = LinePicker;
			sourceTree = "<group>";
		};
		FB517C7318DDE4FB005C7881 /* Model */ = {
			isa = PBXGroup;
			children = (
				FB01A5DC18E76226001C793F /* PTMonitoredVehicleJourney.h */,
				FB01A5DD18E76226001C793F /* PTMonitoredVehicleJourney.m */,
				FB01A5DF18E76427001C793F /* MTADataModelAdaptors.h */,
				FB01A5E018E76427001C793F /* MTADataModelAdaptors.m */,
				FBD7894318E74E580077F68A /* MTADataModels.h */,
				FBD7894418E74E580077F68A /* MTADataModels.m */,
				FB3D48DF18EFB26200302031 /* OBADataModel.h */,
				FB3D48E018EFB26200302031 /* OBADataModel.m */,
				FBB5EB3818E738E6007921A3 /* PTBus.h */,
				FBB5EB3918E738E6007921A3 /* PTBus.m */,
				FBB5EB3B18E739BD007921A3 /* PTBusMapOverlay.h */,
				FBB5EB3C18E739BD007921A3 /* PTBusMapOverlay.m */,
				FB517C6D18DDE30F005C7881 /* PTLine.h */,
				FB517C6E18DDE30F005C7881 /* PTLine.m */,
				FB517C7018DDE4F4005C7881 /* PTStop.h */,
				FB517C7118DDE4F4005C7881 /* PTStop.m */,
				FBC773A818DE1D7600621261 /* PTStop+MKAnnotation.h */,
				FBC773A918DE1D7600621261 /* PTStop+MKAnnotation.m */,
			);
			name = Model;
			sourceTree = "<group>";
		};
		FBC773A418DE193800621261 /* StopDetail */ = {
			isa = PBXGroup;
			children = (
				FBC773A118DE192900621261 /* PTStopDetailViewController.h */,
				FBC773A218DE192900621261 /* PTStopDetailViewController.m */,
				FBFF62E118E86645008D94F9 /* PTStopDetailViewController.xib */,
				FBFF62E918E86BE5008D94F9 /* DataSource */,
				FBFF62EB18E86BFE008D94F9 /* Network */,
				FBFF62EA18E86BF0008D94F9 /* View */,
			);
			name = StopDetail;
			sourceTree = "<group>";
		};
		FBFF62E918E86BE5008D94F9 /* DataSource */ = {
			isa = PBXGroup;
			children = (
				FBFF62E618E86BD9008D94F9 /* PTStopDetailDataSource.h */,
				FBFF62E718E86BD9008D94F9 /* PTStopDetailDataSource.m */,
			);
			name = DataSource;
			sourceTree = "<group>";
		};
		FBFF62EA18E86BF0008D94F9 /* View */ = {
			isa = PBXGroup;
			children = (
				FBC773A518DE19F500621261 /* PTStopDetailView.h */,
				FBC773A618DE19F500621261 /* PTStopDetailView.m */,
				FBFF62E318E86B4E008D94F9 /* PTStopDetailTableViewCell.h */,
				FBFF62E418E86B4E008D94F9 /* PTStopDetailTableViewCell.m */,
				FB9E199A18E8C951008BDDF5 /* PTStopDetailTableViewCell.xib */,
			);
			name = View;
			sourceTree = "<group>";
		};
		FBFF62EB18E86BFE008D94F9 /* Network */ = {
			isa = PBXGroup;
			children = (
				FB7915CD18DF94D000EA0A2A /* PTStopDetailDownloader.h */,
				FB7915CE18DF94D000EA0A2A /* PTStopDetailDownloader.m */,
				FBE4FD7F18DF8752001DA86F /* PTStopMonitoringRequest.h */,
				FBE4FD8018DF8752001DA86F /* PTStopMonitoringRequest.m */,
				FB3D48D618EFA8E500302031 /* PTRouteMonitoringRequest.h */,
				FB3D48D718EFA8E500302031 /* PTRouteMonitoringRequest.m */,
			);
			name = Network;
			sourceTree = "<group>";
		};
/* End PBXGroup section */

/* Begin PBXNativeTarget section */
		FB517C3318DDDF43005C7881 /* Bus-Gogogo */ = {
			isa = PBXNativeTarget;
			buildConfigurationList = FB517C6618DDDF43005C7881 /* Build configuration list for PBXNativeTarget "Bus-Gogogo" */;
			buildPhases = (
				FB517C3018DDDF43005C7881 /* Sources */,
				FB517C3118DDDF43005C7881 /* Frameworks */,
				FB517C3218DDDF43005C7881 /* Resources */,
			);
			buildRules = (
			);
			dependencies = (
			);
			name = "Bus-Gogogo";
			productName = "Bus-Gogogo";
			productReference = FB517C3418DDDF43005C7881 /* Bus-Gogogo.app */;
			productType = "com.apple.product-type.application";
		};
		FB517C5418DDDF43005C7881 /* Bus-GogogoTests */ = {
			isa = PBXNativeTarget;
			buildConfigurationList = FB517C6918DDDF43005C7881 /* Build configuration list for PBXNativeTarget "Bus-GogogoTests" */;
			buildPhases = (
				FB517C5118DDDF43005C7881 /* Sources */,
				FB517C5218DDDF43005C7881 /* Frameworks */,
				FB517C5318DDDF43005C7881 /* Resources */,
			);
			buildRules = (
			);
			dependencies = (
				FB517C5B18DDDF43005C7881 /* PBXTargetDependency */,
			);
			name = "Bus-GogogoTests";
			productName = "Bus-GogogoTests";
			productReference = FB517C5518DDDF43005C7881 /* Bus-GogogoTests.xctest */;
			productType = "com.apple.product-type.bundle.unit-test";
		};
/* End PBXNativeTarget section */

/* Begin PBXProject section */
		FB517C2C18DDDF43005C7881 /* Project object */ = {
			isa = PBXProject;
			attributes = {
				CLASSPREFIX = PT;
				LastUpgradeCheck = 0500;
				ORGANIZATIONNAME = "Weijing Liu";
				TargetAttributes = {
					FB517C5418DDDF43005C7881 = {
						TestTargetID = FB517C3318DDDF43005C7881;
					};
				};
			};
			buildConfigurationList = FB517C2F18DDDF43005C7881 /* Build configuration list for PBXProject "Bus-Gogogo" */;
			compatibilityVersion = "Xcode 3.2";
			developmentRegion = English;
			hasScannedForEncodings = 0;
			knownRegions = (
				en,
				Base,
			);
			mainGroup = FB517C2B18DDDF43005C7881;
			productRefGroup = FB517C3518DDDF43005C7881 /* Products */;
			projectDirPath = "";
			projectRoot = "";
			targets = (
				FB517C3318DDDF43005C7881 /* Bus-Gogogo */,
				FB517C5418DDDF43005C7881 /* Bus-GogogoTests */,
			);
		};
/* End PBXProject section */

/* Begin PBXResourcesBuildPhase section */
		FB517C3218DDDF43005C7881 /* Resources */ = {
			isa = PBXResourcesBuildPhase;
			buildActionMask = 2147483647;
			files = (
				FB517C5018DDDF43005C7881 /* Images.xcassets in Resources */,
				FB517C4218DDDF43005C7881 /* InfoPlist.strings in Resources */,
				FB9E199B18E8C951008BDDF5 /* PTStopDetailTableViewCell.xib in Resources */,
				FBFF62E218E86645008D94F9 /* PTStopDetailViewController.xib in Resources */,
			);
			runOnlyForDeploymentPostprocessing = 0;
		};
		FB517C5318DDDF43005C7881 /* Resources */ = {
			isa = PBXResourcesBuildPhase;
			buildActionMask = 2147483647;
			files = (
				FB517C6118DDDF43005C7881 /* InfoPlist.strings in Resources */,
			);
			runOnlyForDeploymentPostprocessing = 0;
		};
/* End PBXResourcesBuildPhase section */

/* Begin PBXSourcesBuildPhase section */
		FB517C3018DDDF43005C7881 /* Sources */ = {
			isa = PBXSourcesBuildPhase;
			buildActionMask = 2147483647;
			files = (
				FB517C4818DDDF43005C7881 /* PTAppDelegate.m in Sources */,
				FB517C7F18DDF0F4005C7881 /* PTLinePickerTableViewCell.m in Sources */,
				FB3D48E418EFB47700302031 /* PTRouteDetailTableViewController.m in Sources */,
				FB3D48DB18EFADB400302031 /* PTStopsForRouteRequest.m in Sources */,
				FBB5EB3A18E738E6007921A3 /* PTBus.m in Sources */,
				FBE4FD8118DF8752001DA86F /* PTStopMonitoringRequest.m in Sources */,
				FBD7894518E74E580077F68A /* MTADataModels.m in Sources */,
				FB3D48DE18EFAE5A00302031 /* PTStopsForRouteDownloader.m in Sources */,
				FBC773AA18DE1D7600621261 /* PTStop+MKAnnotation.m in Sources */,
				FB517C4E18DDDF43005C7881 /* PTLinePickerViewController.m in Sources */,
				FB01A5DE18E76226001C793F /* PTMonitoredVehicleJourney.m in Sources */,
				FBC773A318DE192900621261 /* PTStopDetailViewController.m in Sources */,
				FBC773A718DE19F500621261 /* PTStopDetailView.m in Sources */,
				FB3D48E118EFB26200302031 /* OBADataModel.m in Sources */,
				FBFF62E518E86B4E008D94F9 /* PTStopDetailTableViewCell.m in Sources */,
				FB517C7C18DDE8C3005C7881 /* PTLinePickerDataSource.m in Sources */,
				FB517C4418DDDF43005C7881 /* main.m in Sources */,
				FBB5EB3D18E739BD007921A3 /* PTBusMapOverlay.m in Sources */,
				FBFF62E818E86BD9008D94F9 /* PTStopDetailDataSource.m in Sources */,
				FB3D48D818EFA8E500302031 /* PTRouteMonitoringRequest.m in Sources */,
				FB01A5E118E76427001C793F /* MTADataModelAdaptors.m in Sources */,
				FB517C7218DDE4F4005C7881 /* PTStop.m in Sources */,
				FB517C6F18DDE30F005C7881 /* PTLine.m in Sources */,
				FB7915CF18DF94D000EA0A2A /* PTStopDetailDownloader.m in Sources */,
			);
			runOnlyForDeploymentPostprocessing = 0;
		};
		FB517C5118DDDF43005C7881 /* Sources */ = {
			isa = PBXSourcesBuildPhase;
			buildActionMask = 2147483647;
			files = (
				FB517C6318DDDF43005C7881 /* Bus_GogogoTests.m in Sources */,
			);
			runOnlyForDeploymentPostprocessing = 0;
		};
/* End PBXSourcesBuildPhase section */

/* Begin PBXTargetDependency section */
		FB517C5B18DDDF43005C7881 /* PBXTargetDependency */ = {
			isa = PBXTargetDependency;
			target = FB517C3318DDDF43005C7881 /* Bus-Gogogo */;
			targetProxy = FB517C5A18DDDF43005C7881 /* PBXContainerItemProxy */;
		};
/* End PBXTargetDependency section */

/* Begin PBXVariantGroup section */
		FB517C4018DDDF43005C7881 /* InfoPlist.strings */ = {
			isa = PBXVariantGroup;
			children = (
				FB517C4118DDDF43005C7881 /* en */,
			);
			name = InfoPlist.strings;
			sourceTree = "<group>";
		};
		FB517C5F18DDDF43005C7881 /* InfoPlist.strings */ = {
			isa = PBXVariantGroup;
			children = (
				FB517C6018DDDF43005C7881 /* en */,
			);
			name = InfoPlist.strings;
			sourceTree = "<group>";
		};
/* End PBXVariantGroup section */

/* Begin XCBuildConfiguration section */
		FB517C6418DDDF43005C7881 /* Debug */ = {
			isa = XCBuildConfiguration;
			buildSettings = {
				ALWAYS_SEARCH_USER_PATHS = NO;
				ARCHS = "$(ARCHS_STANDARD_INCLUDING_64_BIT)";
				CLANG_CXX_LANGUAGE_STANDARD = "gnu++0x";
				CLANG_CXX_LIBRARY = "libc++";
				CLANG_ENABLE_MODULES = YES;
				CLANG_ENABLE_OBJC_ARC = YES;
				CLANG_WARN_BOOL_CONVERSION = YES;
				CLANG_WARN_CONSTANT_CONVERSION = YES;
				CLANG_WARN_DIRECT_OBJC_ISA_USAGE = YES_ERROR;
				CLANG_WARN_EMPTY_BODY = YES;
				CLANG_WARN_ENUM_CONVERSION = YES;
				CLANG_WARN_INT_CONVERSION = YES;
				CLANG_WARN_OBJC_ROOT_CLASS = YES_ERROR;
				CLANG_WARN__DUPLICATE_METHOD_MATCH = YES;
				"CODE_SIGN_IDENTITY[sdk=iphoneos*]" = "iPhone Developer";
				COPY_PHASE_STRIP = NO;
				GCC_C_LANGUAGE_STANDARD = gnu99;
				GCC_DYNAMIC_NO_PIC = NO;
				GCC_OPTIMIZATION_LEVEL = 0;
				GCC_PREPROCESSOR_DEFINITIONS = (
					"DEBUG=1",
					"$(inherited)",
				);
				GCC_SYMBOLS_PRIVATE_EXTERN = NO;
				GCC_WARN_64_TO_32_BIT_CONVERSION = YES;
				GCC_WARN_ABOUT_RETURN_TYPE = YES_ERROR;
				GCC_WARN_UNDECLARED_SELECTOR = YES;
				GCC_WARN_UNINITIALIZED_AUTOS = YES;
				GCC_WARN_UNUSED_FUNCTION = YES;
				GCC_WARN_UNUSED_VARIABLE = YES;
				IPHONEOS_DEPLOYMENT_TARGET = 7.0;
				ONLY_ACTIVE_ARCH = YES;
				SDKROOT = iphoneos;
			};
			name = Debug;
		};
		FB517C6518DDDF43005C7881 /* Release */ = {
			isa = XCBuildConfiguration;
			buildSettings = {
				ALWAYS_SEARCH_USER_PATHS = NO;
				ARCHS = "$(ARCHS_STANDARD_INCLUDING_64_BIT)";
				CLANG_CXX_LANGUAGE_STANDARD = "gnu++0x";
				CLANG_CXX_LIBRARY = "libc++";
				CLANG_ENABLE_MODULES = YES;
				CLANG_ENABLE_OBJC_ARC = YES;
				CLANG_WARN_BOOL_CONVERSION = YES;
				CLANG_WARN_CONSTANT_CONVERSION = YES;
				CLANG_WARN_DIRECT_OBJC_ISA_USAGE = YES_ERROR;
				CLANG_WARN_EMPTY_BODY = YES;
				CLANG_WARN_ENUM_CONVERSION = YES;
				CLANG_WARN_INT_CONVERSION = YES;
				CLANG_WARN_OBJC_ROOT_CLASS = YES_ERROR;
				CLANG_WARN__DUPLICATE_METHOD_MATCH = YES;
				"CODE_SIGN_IDENTITY[sdk=iphoneos*]" = "iPhone Developer";
				COPY_PHASE_STRIP = YES;
				ENABLE_NS_ASSERTIONS = NO;
				GCC_C_LANGUAGE_STANDARD = gnu99;
				GCC_WARN_64_TO_32_BIT_CONVERSION = YES;
				GCC_WARN_ABOUT_RETURN_TYPE = YES_ERROR;
				GCC_WARN_UNDECLARED_SELECTOR = YES;
				GCC_WARN_UNINITIALIZED_AUTOS = YES;
				GCC_WARN_UNUSED_FUNCTION = YES;
				GCC_WARN_UNUSED_VARIABLE = YES;
				IPHONEOS_DEPLOYMENT_TARGET = 7.0;
				SDKROOT = iphoneos;
				VALIDATE_PRODUCT = YES;
			};
			name = Release;
		};
		FB517C6718DDDF43005C7881 /* Debug */ = {
			isa = XCBuildConfiguration;
			buildSettings = {
				ASSETCATALOG_COMPILER_APPICON_NAME = AppIcon;
				ASSETCATALOG_COMPILER_LAUNCHIMAGE_NAME = LaunchImage;
				GCC_PRECOMPILE_PREFIX_HEADER = YES;
				GCC_PREFIX_HEADER = "Bus-Gogogo/Bus-Gogogo-Prefix.pch";
				INFOPLIST_FILE = "Bus-Gogogo/Bus-Gogogo-Info.plist";
				PRODUCT_NAME = "$(TARGET_NAME)";
				WRAPPER_EXTENSION = app;
			};
			name = Debug;
		};
		FB517C6818DDDF43005C7881 /* Release */ = {
			isa = XCBuildConfiguration;
			buildSettings = {
				ASSETCATALOG_COMPILER_APPICON_NAME = AppIcon;
				ASSETCATALOG_COMPILER_LAUNCHIMAGE_NAME = LaunchImage;
				GCC_PRECOMPILE_PREFIX_HEADER = YES;
				GCC_PREFIX_HEADER = "Bus-Gogogo/Bus-Gogogo-Prefix.pch";
				INFOPLIST_FILE = "Bus-Gogogo/Bus-Gogogo-Info.plist";
				PRODUCT_NAME = "$(TARGET_NAME)";
				WRAPPER_EXTENSION = app;
			};
			name = Release;
		};
		FB517C6A18DDDF43005C7881 /* Debug */ = {
			isa = XCBuildConfiguration;
			buildSettings = {
				ARCHS = "$(ARCHS_STANDARD_INCLUDING_64_BIT)";
				BUNDLE_LOADER = "$(BUILT_PRODUCTS_DIR)/Bus-Gogogo.app/Bus-Gogogo";
				FRAMEWORK_SEARCH_PATHS = (
					"$(SDKROOT)/Developer/Library/Frameworks",
					"$(inherited)",
					"$(DEVELOPER_FRAMEWORKS_DIR)",
				);
				GCC_PRECOMPILE_PREFIX_HEADER = YES;
				GCC_PREFIX_HEADER = "Bus-Gogogo/Bus-Gogogo-Prefix.pch";
				GCC_PREPROCESSOR_DEFINITIONS = (
					"DEBUG=1",
					"$(inherited)",
				);
				INFOPLIST_FILE = "Bus-GogogoTests/Bus-GogogoTests-Info.plist";
				PRODUCT_NAME = "$(TARGET_NAME)";
				TEST_HOST = "$(BUNDLE_LOADER)";
				WRAPPER_EXTENSION = xctest;
			};
			name = Debug;
		};
		FB517C6B18DDDF43005C7881 /* Release */ = {
			isa = XCBuildConfiguration;
			buildSettings = {
				ARCHS = "$(ARCHS_STANDARD_INCLUDING_64_BIT)";
				BUNDLE_LOADER = "$(BUILT_PRODUCTS_DIR)/Bus-Gogogo.app/Bus-Gogogo";
				FRAMEWORK_SEARCH_PATHS = (
					"$(SDKROOT)/Developer/Library/Frameworks",
					"$(inherited)",
					"$(DEVELOPER_FRAMEWORKS_DIR)",
				);
				GCC_PRECOMPILE_PREFIX_HEADER = YES;
				GCC_PREFIX_HEADER = "Bus-Gogogo/Bus-Gogogo-Prefix.pch";
				INFOPLIST_FILE = "Bus-GogogoTests/Bus-GogogoTests-Info.plist";
				PRODUCT_NAME = "$(TARGET_NAME)";
				TEST_HOST = "$(BUNDLE_LOADER)";
				WRAPPER_EXTENSION = xctest;
			};
			name = Release;
		};
/* End XCBuildConfiguration section */

/* Begin XCConfigurationList section */
		FB517C2F18DDDF43005C7881 /* Build configuration list for PBXProject "Bus-Gogogo" */ = {
			isa = XCConfigurationList;
			buildConfigurations = (
				FB517C6418DDDF43005C7881 /* Debug */,
				FB517C6518DDDF43005C7881 /* Release */,
			);
			defaultConfigurationIsVisible = 0;
			defaultConfigurationName = Release;
		};
		FB517C6618DDDF43005C7881 /* Build configuration list for PBXNativeTarget "Bus-Gogogo" */ = {
			isa = XCConfigurationList;
			buildConfigurations = (
				FB517C6718DDDF43005C7881 /* Debug */,
				FB517C6818DDDF43005C7881 /* Release */,
			);
			defaultConfigurationIsVisible = 0;
			defaultConfigurationName = Release;
		};
		FB517C6918DDDF43005C7881 /* Build configuration list for PBXNativeTarget "Bus-GogogoTests" */ = {
			isa = XCConfigurationList;
			buildConfigurations = (
				FB517C6A18DDDF43005C7881 /* Debug */,
				FB517C6B18DDDF43005C7881 /* Release */,
			);
			defaultConfigurationIsVisible = 0;
			defaultConfigurationName = Release;
		};
/* End XCConfigurationList section */
	};
	rootObject = FB517C2C18DDDF43005C7881 /* Project object */;
}
